// !$*UTF8*$!
{
	archiveVersion = 1;
	classes = {
	};
	objectVersion = 56;
	objects = {

/* Begin PBXBuildFile section */
		1E04295A2A4AF21F009C1268 /* AuthMainView.swift in Sources */ = {isa = PBXBuildFile; fileRef = 1E0429592A4AF21F009C1268 /* AuthMainView.swift */; };
		1E1142F375822E55561F9695 /* Pods_Block1.framework in Frameworks */ = {isa = PBXBuildFile; fileRef = A634B7E3463693E8FE9E048F /* Pods_Block1.framework */; };
		1E1394982A5E9C710016CF5D /* CategoriesCoordinator.swift in Sources */ = {isa = PBXBuildFile; fileRef = 1E1394972A5E9C710016CF5D /* CategoriesCoordinator.swift */; };
		1E13949A2A5E9C810016CF5D /* CategoriesDIContainer.swift in Sources */ = {isa = PBXBuildFile; fileRef = 1E1394992A5E9C810016CF5D /* CategoriesDIContainer.swift */; };
		1E21B3AD2A4B184500269411 /* WebViewViewController.swift in Sources */ = {isa = PBXBuildFile; fileRef = 1E21B3AC2A4B184500269411 /* WebViewViewController.swift */; };
		1E21B3AF2A4B185300269411 /* WebViewPresenter.swift in Sources */ = {isa = PBXBuildFile; fileRef = 1E21B3AE2A4B185300269411 /* WebViewPresenter.swift */; };
		1E21B3B12A4B196A00269411 /* AlertManager.swift in Sources */ = {isa = PBXBuildFile; fileRef = 1E21B3B02A4B196A00269411 /* AlertManager.swift */; };
		1E21B3B32A4B197600269411 /* LoginVKManager.swift in Sources */ = {isa = PBXBuildFile; fileRef = 1E21B3B22A4B197600269411 /* LoginVKManager.swift */; };
		1E21B3B52A4B1A2700269411 /* UIAlert+Extension.swift in Sources */ = {isa = PBXBuildFile; fileRef = 1E21B3B42A4B1A2700269411 /* UIAlert+Extension.swift */; };
		1E2541242A5D639700A6E11C /* AppCoordinator.swift in Sources */ = {isa = PBXBuildFile; fileRef = 1E2541232A5D639700A6E11C /* AppCoordinator.swift */; };
		1E2541262A5D63A600A6E11C /* Coordinator.swift in Sources */ = {isa = PBXBuildFile; fileRef = 1E2541252A5D63A600A6E11C /* Coordinator.swift */; };
		1E2541282A5D640100A6E11C /* BaseCoordinator.swift in Sources */ = {isa = PBXBuildFile; fileRef = 1E2541272A5D640100A6E11C /* BaseCoordinator.swift */; };
		1E25412A2A5D649300A6E11C /* CoordinatorOutput.swift in Sources */ = {isa = PBXBuildFile; fileRef = 1E2541292A5D649300A6E11C /* CoordinatorOutput.swift */; };
		1E25412C2A5D64FD00A6E11C /* Router1.swift in Sources */ = {isa = PBXBuildFile; fileRef = 1E25412B2A5D64FD00A6E11C /* Router1.swift */; };
		1E25412E2A5D656C00A6E11C /* NavigationRouter.swift in Sources */ = {isa = PBXBuildFile; fileRef = 1E25412D2A5D656C00A6E11C /* NavigationRouter.swift */; };
		1E2A203D2A4AC8C900FEF928 /* AuthViewController.swift in Sources */ = {isa = PBXBuildFile; fileRef = 1E2A203C2A4AC8C900FEF928 /* AuthViewController.swift */; };
		1E2A20412A4AC8E400FEF928 /* RegistrationViewController.swift in Sources */ = {isa = PBXBuildFile; fileRef = 1E2A20402A4AC8E400FEF928 /* RegistrationViewController.swift */; };
		1E2BBD0E2A37307E00B74613 /* DescriptionCoreDataModel+CoreDataClass.swift in Sources */ = {isa = PBXBuildFile; fileRef = 1E2BBD0C2A37307E00B74613 /* DescriptionCoreDataModel+CoreDataClass.swift */; };
		1E2BBD0F2A37307E00B74613 /* DescriptionCoreDataModel+CoreDataProperties.swift in Sources */ = {isa = PBXBuildFile; fileRef = 1E2BBD0D2A37307E00B74613 /* DescriptionCoreDataModel+CoreDataProperties.swift */; };
		1E2BE1102A4AFE58007370A0 /* RegistrationMainView.swift in Sources */ = {isa = PBXBuildFile; fileRef = 1E2BE10F2A4AFE58007370A0 /* RegistrationMainView.swift */; };
		1E34F8FA2A2CEDCF0065DFE7 /* NewsPresenter.swift in Sources */ = {isa = PBXBuildFile; fileRef = 1E34F8F92A2CEDCF0065DFE7 /* NewsPresenter.swift */; };
		1E34F8FC2A2CEECD0065DFE7 /* ModuleBuilder.swift in Sources */ = {isa = PBXBuildFile; fileRef = 1E34F8FB2A2CEECD0065DFE7 /* ModuleBuilder.swift */; };
		1E34F8FF2A2CEEE30065DFE7 /* AppRouter.swift in Sources */ = {isa = PBXBuildFile; fileRef = 1E34F8FE2A2CEEE30065DFE7 /* AppRouter.swift */; };
		1E34F9012A2CEF3E0065DFE7 /* SearchPresenter.swift in Sources */ = {isa = PBXBuildFile; fileRef = 1E34F9002A2CEF3E0065DFE7 /* SearchPresenter.swift */; };
		1E34F9032A2CEF940065DFE7 /* CategoriesPresenter.swift in Sources */ = {isa = PBXBuildFile; fileRef = 1E34F9022A2CEF940065DFE7 /* CategoriesPresenter.swift */; };
		1E34F9052A2CEFE40065DFE7 /* HistoryPresenter.swift in Sources */ = {isa = PBXBuildFile; fileRef = 1E34F9042A2CEFE40065DFE7 /* HistoryPresenter.swift */; };
		1E34F9072A2CF0140065DFE7 /* ProfilePresenter.swift in Sources */ = {isa = PBXBuildFile; fileRef = 1E34F9062A2CF0140065DFE7 /* ProfilePresenter.swift */; };
		1E34F90A2A2CF7E30065DFE7 /* CustomVC.swift in Sources */ = {isa = PBXBuildFile; fileRef = 1E34F9092A2CF7E30065DFE7 /* CustomVC.swift */; };
		1E34F90C2A2CFEBC0065DFE7 /* SplashPresenter.swift in Sources */ = {isa = PBXBuildFile; fileRef = 1E34F90B2A2CFEBC0065DFE7 /* SplashPresenter.swift */; };
		1E34F90E2A2D078B0065DFE7 /* HelpCategoryPresenter.swift in Sources */ = {isa = PBXBuildFile; fileRef = 1E34F90D2A2D078B0065DFE7 /* HelpCategoryPresenter.swift */; };
		1E34F9102A2DC4850065DFE7 /* FullEventDescriptionPresenter.swift in Sources */ = {isa = PBXBuildFile; fileRef = 1E34F90F2A2DC4850065DFE7 /* FullEventDescriptionPresenter.swift */; };
		1E34F9122A2DCEB90065DFE7 /* MainViewModel.swift in Sources */ = {isa = PBXBuildFile; fileRef = 1E34F9112A2DCEB90065DFE7 /* MainViewModel.swift */; };
		1E34F9142A2DCECE0065DFE7 /* ParticipantsViewModel.swift in Sources */ = {isa = PBXBuildFile; fileRef = 1E34F9132A2DCECE0065DFE7 /* ParticipantsViewModel.swift */; };
		1E4913A72A17A92200ABF6B6 /* AppDelegate.swift in Sources */ = {isa = PBXBuildFile; fileRef = 1E4913A62A17A92200ABF6B6 /* AppDelegate.swift */; };
		1E4913A92A17A92200ABF6B6 /* SceneDelegate.swift in Sources */ = {isa = PBXBuildFile; fileRef = 1E4913A82A17A92200ABF6B6 /* SceneDelegate.swift */; };
		1E4913AB2A17A92200ABF6B6 /* SplashViewController.swift in Sources */ = {isa = PBXBuildFile; fileRef = 1E4913AA2A17A92200ABF6B6 /* SplashViewController.swift */; };
		1E4913B02A17A92700ABF6B6 /* Assets.xcassets in Resources */ = {isa = PBXBuildFile; fileRef = 1E4913AF2A17A92700ABF6B6 /* Assets.xcassets */; };
		1E4913B32A17A92700ABF6B6 /* LaunchScreen.storyboard in Resources */ = {isa = PBXBuildFile; fileRef = 1E4913B12A17A92700ABF6B6 /* LaunchScreen.storyboard */; };
		1E9A614B2A55A70400A1BD18 /* CellNames.swift in Sources */ = {isa = PBXBuildFile; fileRef = 1E9A614A2A55A70400A1BD18 /* CellNames.swift */; };
		1E9A614D2A56A0E400A1BD18 /* HelpCategoryModel.swift in Sources */ = {isa = PBXBuildFile; fileRef = 1E9A614C2A56A0E400A1BD18 /* HelpCategoryModel.swift */; };
		1E9A619D2A5AA72400A1BD18 /* Box.swift in Sources */ = {isa = PBXBuildFile; fileRef = 1E9A619C2A5AA72400A1BD18 /* Box.swift */; };
		1E9A61A02A5AA78800A1BD18 /* RegistrationViewModel.swift in Sources */ = {isa = PBXBuildFile; fileRef = 1E9A619F2A5AA78800A1BD18 /* RegistrationViewModel.swift */; };
		1E9A61A52A5AD47900A1BD18 /* AuthViewModel.swift in Sources */ = {isa = PBXBuildFile; fileRef = 1E9A61A42A5AD47900A1BD18 /* AuthViewModel.swift */; };
		1E9A61A82A5AE78600A1BD18 /* CategoriesViewModel.swift in Sources */ = {isa = PBXBuildFile; fileRef = 1E9A61A72A5AE78600A1BD18 /* CategoriesViewModel.swift */; };
		1E9A61AB2A5AEE7100A1BD18 /* HelpCategoryViewModel.swift in Sources */ = {isa = PBXBuildFile; fileRef = 1E9A61AA2A5AEE7100A1BD18 /* HelpCategoryViewModel.swift */; };
		1E9B65AD2A35B684006380D9 /* CoreDataManager.swift in Sources */ = {isa = PBXBuildFile; fileRef = 1E9B65AC2A35B684006380D9 /* CoreDataManager.swift */; };
		1E9B65B02A35C01C006380D9 /* CoreData.xcdatamodeld in Sources */ = {isa = PBXBuildFile; fileRef = 1E9B65AE2A35C01C006380D9 /* CoreData.xcdatamodeld */; };
		1E9B65B62A364429006380D9 /* CategoryCoreDataModel+CoreDataProperties.swift in Sources */ = {isa = PBXBuildFile; fileRef = 1E9B65B42A364429006380D9 /* CategoryCoreDataModel+CoreDataProperties.swift */; };
		1E9B65B72A364429006380D9 /* CategoryCoreDataModel+CoreDataClass.swift in Sources */ = {isa = PBXBuildFile; fileRef = 1E9B65B52A364429006380D9 /* CategoryCoreDataModel+CoreDataClass.swift */; };
		1EAC070B2A515F870088E4AA /* RegistrationModel.swift in Sources */ = {isa = PBXBuildFile; fileRef = 1EAC070A2A515F870088E4AA /* RegistrationModel.swift */; };
		1EAC070D2A5190600088E4AA /* CustomError.swift in Sources */ = {isa = PBXBuildFile; fileRef = 1EAC070C2A5190600088E4AA /* CustomError.swift */; };
		1EBA91F52A5DB50E00243FFE /* MainTabBarCoordinator.swift in Sources */ = {isa = PBXBuildFile; fileRef = 1EBA91F42A5DB50E00243FFE /* MainTabBarCoordinator.swift */; };
		1EBA91F72A5DB51D00243FFE /* MainTabBarDIContainer.swift in Sources */ = {isa = PBXBuildFile; fileRef = 1EBA91F62A5DB51D00243FFE /* MainTabBarDIContainer.swift */; };
		1ED9BA2E2A39F1BF00E0963D /* GoogleService-Info.plist in Resources */ = {isa = PBXBuildFile; fileRef = 1ED9BA2D2A39F1BF00E0963D /* GoogleService-Info.plist */; };
		1ED9BA362A3B00F300E0963D /* APIService.swift in Sources */ = {isa = PBXBuildFile; fileRef = 1ED9BA352A3B00F300E0963D /* APIService.swift */; };
		1ED9BA382A3B00F900E0963D /* NetworkManager.swift in Sources */ = {isa = PBXBuildFile; fileRef = 1ED9BA372A3B00F900E0963D /* NetworkManager.swift */; };
		1ED9BA3A2A3B00FE00E0963D /* JSONDecoderManager.swift in Sources */ = {isa = PBXBuildFile; fileRef = 1ED9BA392A3B00FD00E0963D /* JSONDecoderManager.swift */; };
		1ED9BA3C2A3B1A4A00E0963D /* Queues.swift in Sources */ = {isa = PBXBuildFile; fileRef = 1ED9BA3B2A3B1A4A00E0963D /* Queues.swift */; };
		1ED9BA3E2A3B583900E0963D /* AlamofireNetworkManager.swift in Sources */ = {isa = PBXBuildFile; fileRef = 1ED9BA3D2A3B583900E0963D /* AlamofireNetworkManager.swift */; };
		1EDEC1A62A1F9D6700339FF9 /* sf-ui-text-regular.ttf in Resources */ = {isa = PBXBuildFile; fileRef = 1EDEC1A52A1F9D6700339FF9 /* sf-ui-text-regular.ttf */; };
		1EDEC1AB2A1FA99C00339FF9 /* UIColor+Extensions.swift in Sources */ = {isa = PBXBuildFile; fileRef = 1EDEC1AA2A1FA99C00339FF9 /* UIColor+Extensions.swift */; };
		1EDEC1AE2A1FB07200339FF9 /* LoadingOverlay.swift in Sources */ = {isa = PBXBuildFile; fileRef = 1EDEC1AD2A1FB07200339FF9 /* LoadingOverlay.swift */; };
		1EDEC1B02A1FB17E00339FF9 /* CategoriesViewController.swift in Sources */ = {isa = PBXBuildFile; fileRef = 1EDEC1AF2A1FB17E00339FF9 /* CategoriesViewController.swift */; };
		1EDEC1C02A20A7CF00339FF9 /* CategoriesCollectionViewCell.swift in Sources */ = {isa = PBXBuildFile; fileRef = 1EDEC1BF2A20A7CF00339FF9 /* CategoriesCollectionViewCell.swift */; };
		1EDEC1C32A20A9E700339FF9 /* CategoryModel.swift in Sources */ = {isa = PBXBuildFile; fileRef = 1EDEC1C22A20A9E700339FF9 /* CategoryModel.swift */; };
		1EDEC1CC2A21FDE500339FF9 /* Fonts.swift in Sources */ = {isa = PBXBuildFile; fileRef = 1EDEC1CB2A21FDE500339FF9 /* Fonts.swift */; };
		1EDEC1D22A22014300339FF9 /* OfficinaSans-ExtraBold.ttf in Resources */ = {isa = PBXBuildFile; fileRef = 1EDEC1D12A22014300339FF9 /* OfficinaSans-ExtraBold.ttf */; };
		1EDEC1F72A22662600339FF9 /* HistoryViewController.swift in Sources */ = {isa = PBXBuildFile; fileRef = 1EDEC1F62A22662600339FF9 /* HistoryViewController.swift */; };
		1EDEC1F92A22663100339FF9 /* SearchViewController.swift in Sources */ = {isa = PBXBuildFile; fileRef = 1EDEC1F82A22663100339FF9 /* SearchViewController.swift */; };
		1EDEC1FB2A22664400339FF9 /* NewsViewController.swift in Sources */ = {isa = PBXBuildFile; fileRef = 1EDEC1FA2A22664400339FF9 /* NewsViewController.swift */; };
		1EDEC1FD2A22665000339FF9 /* ProfileViewController.swift in Sources */ = {isa = PBXBuildFile; fileRef = 1EDEC1FC2A22665000339FF9 /* ProfileViewController.swift */; };
		1EDEC2002A22670F00339FF9 /* MainTabBarController.swift in Sources */ = {isa = PBXBuildFile; fileRef = 1EDEC1FF2A22670F00339FF9 /* MainTabBarController.swift */; };
		1EDEC2042A23AA4200339FF9 /* TabBarNames.swift in Sources */ = {isa = PBXBuildFile; fileRef = 1EDEC2032A23AA4100339FF9 /* TabBarNames.swift */; };
		1EDEC2062A23AB7000339FF9 /* Images.swift in Sources */ = {isa = PBXBuildFile; fileRef = 1EDEC2052A23AB7000339FF9 /* Images.swift */; };
		1EDEC20A2A24971200339FF9 /* HelpCategoryViewController.swift in Sources */ = {isa = PBXBuildFile; fileRef = 1EDEC2092A24971200339FF9 /* HelpCategoryViewController.swift */; };
		1EDEC21B2A24A80300339FF9 /* sf-ui-text-medium.ttf in Resources */ = {isa = PBXBuildFile; fileRef = 1EDEC21A2A24A80300339FF9 /* sf-ui-text-medium.ttf */; };
		1EDEC21E2A24AF5400339FF9 /* HelpCategoryCollectionViewCell.swift in Sources */ = {isa = PBXBuildFile; fileRef = 1EDEC21D2A24AF5400339FF9 /* HelpCategoryCollectionViewCell.swift */; };
		1EDEC2212A24C74B00339FF9 /* FullEventDescriptionVC.swift in Sources */ = {isa = PBXBuildFile; fileRef = 1EDEC2202A24C74B00339FF9 /* FullEventDescriptionVC.swift */; };
		1EDEC2232A25F37500339FF9 /* UIView + Extensions.swift in Sources */ = {isa = PBXBuildFile; fileRef = 1EDEC2222A25F37500339FF9 /* UIView + Extensions.swift */; };
		1EDEC2262A25F94B00339FF9 /* BottomButtonsView.swift in Sources */ = {isa = PBXBuildFile; fileRef = 1EDEC2252A25F94B00339FF9 /* BottomButtonsView.swift */; };
		1EDEC2282A25FCEB00339FF9 /* BottomParticipantsView.swift in Sources */ = {isa = PBXBuildFile; fileRef = 1EDEC2272A25FCEB00339FF9 /* BottomParticipantsView.swift */; };
		1EDEC22A2A25FE4E00339FF9 /* FullEventDescriptionMainView.swift in Sources */ = {isa = PBXBuildFile; fileRef = 1EDEC2292A25FE4E00339FF9 /* FullEventDescriptionMainView.swift */; };
		1EDEC22D2A2637E600339FF9 /* Categories.json in Resources */ = {isa = PBXBuildFile; fileRef = 1EDEC22C2A2637E600339FF9 /* Categories.json */; };
		1EDEC2302A263B7400339FF9 /* JSONService.swift in Sources */ = {isa = PBXBuildFile; fileRef = 1EDEC22F2A263B7400339FF9 /* JSONService.swift */; };
		1EDEC2322A26422400339FF9 /* UIImageView + Extensions.swift in Sources */ = {isa = PBXBuildFile; fileRef = 1EDEC2312A26422400339FF9 /* UIImageView + Extensions.swift */; };
		1EDEC2342A2740DF00339FF9 /* Events.json in Resources */ = {isa = PBXBuildFile; fileRef = 1EDEC2332A2740DF00339FF9 /* Events.json */; };
		1EDEC23A2A274DFA00339FF9 /* FullEventDescriptionModel.swift in Sources */ = {isa = PBXBuildFile; fileRef = 1EDEC2392A274DFA00339FF9 /* FullEventDescriptionModel.swift */; };
		1EDEC23D2A2767FA00339FF9 /* CalendarManager.swift in Sources */ = {isa = PBXBuildFile; fileRef = 1EDEC23C2A2767F900339FF9 /* CalendarManager.swift */; };
		1EDEC23F2A277B3900339FF9 /* String+Extensions.swift in Sources */ = {isa = PBXBuildFile; fileRef = 1EDEC23E2A277B3900339FF9 /* String+Extensions.swift */; };
		1EDEC2412A2780F700339FF9 /* ShortEventViewModel.swift in Sources */ = {isa = PBXBuildFile; fileRef = 1EDEC2402A2780F700339FF9 /* ShortEventViewModel.swift */; };
		1EDEC2432A27829D00339FF9 /* FullEventDescriptionViewModel.swift in Sources */ = {isa = PBXBuildFile; fileRef = 1EDEC2422A27829D00339FF9 /* FullEventDescriptionViewModel.swift */; };
		1EF12A152A5D6BC0009A2B2A /* AppDIContainer.swift in Sources */ = {isa = PBXBuildFile; fileRef = 1EF12A142A5D6BC0009A2B2A /* AppDIContainer.swift */; };
		1EF12A1A2A5D6CC9009A2B2A /* SearchAdressViewController.swift in Sources */ = {isa = PBXBuildFile; fileRef = 1EF12A172A5D6CC9009A2B2A /* SearchAdressViewController.swift */; };
		1EF12A1B2A5D6CC9009A2B2A /* RestaurantsViewController.swift in Sources */ = {isa = PBXBuildFile; fileRef = 1EF12A182A5D6CC9009A2B2A /* RestaurantsViewController.swift */; };
		1EF12A1C2A5D6CC9009A2B2A /* MapViewController.swift in Sources */ = {isa = PBXBuildFile; fileRef = 1EF12A192A5D6CC9009A2B2A /* MapViewController.swift */; };
		1EF12A1F2A5D6EB2009A2B2A /* MapCoordinator.swift in Sources */ = {isa = PBXBuildFile; fileRef = 1EF12A1E2A5D6EB2009A2B2A /* MapCoordinator.swift */; };
		1EF12A222A5D74A7009A2B2A /* CatalogViewController.swift in Sources */ = {isa = PBXBuildFile; fileRef = 1EF12A212A5D74A7009A2B2A /* CatalogViewController.swift */; };
		1EF12A242A5D74B2009A2B2A /* CatalogCoordinator.swift in Sources */ = {isa = PBXBuildFile; fileRef = 1EF12A232A5D74B2009A2B2A /* CatalogCoordinator.swift */; };
		1EF12A262A5D74C1009A2B2A /* CartViewCOntroller.swift in Sources */ = {isa = PBXBuildFile; fileRef = 1EF12A252A5D74C1009A2B2A /* CartViewCOntroller.swift */; };
		1EF12A282A5D74CE009A2B2A /* DetailViewCOntroller.swift in Sources */ = {isa = PBXBuildFile; fileRef = 1EF12A272A5D74CE009A2B2A /* DetailViewCOntroller.swift */; };
		1EF12A2A2A5D7988009A2B2A /* MapDIContainer.swift in Sources */ = {isa = PBXBuildFile; fileRef = 1EF12A292A5D7988009A2B2A /* MapDIContainer.swift */; };
		1EF12A2E2A5D987B009A2B2A /* CatalogDIContrainer.swift in Sources */ = {isa = PBXBuildFile; fileRef = 1EF12A2D2A5D987B009A2B2A /* CatalogDIContrainer.swift */; };
		1EF12A332A5DB001009A2B2A /* AuthCoordinator.swift in Sources */ = {isa = PBXBuildFile; fileRef = 1EF12A322A5DB001009A2B2A /* AuthCoordinator.swift */; };
		1EF12A352A5DB07A009A2B2A /* AuthDIContainer.swift in Sources */ = {isa = PBXBuildFile; fileRef = 1EF12A342A5DB07A009A2B2A /* AuthDIContainer.swift */; };
/* End PBXBuildFile section */

/* Begin PBXFileReference section */
		1E0429592A4AF21F009C1268 /* AuthMainView.swift */ = {isa = PBXFileReference; lastKnownFileType = sourcecode.swift; path = AuthMainView.swift; sourceTree = "<group>"; };
		1E1394972A5E9C710016CF5D /* CategoriesCoordinator.swift */ = {isa = PBXFileReference; lastKnownFileType = sourcecode.swift; path = CategoriesCoordinator.swift; sourceTree = "<group>"; };
		1E1394992A5E9C810016CF5D /* CategoriesDIContainer.swift */ = {isa = PBXFileReference; lastKnownFileType = sourcecode.swift; path = CategoriesDIContainer.swift; sourceTree = "<group>"; };
		1E21B3AC2A4B184500269411 /* WebViewViewController.swift */ = {isa = PBXFileReference; lastKnownFileType = sourcecode.swift; path = WebViewViewController.swift; sourceTree = "<group>"; };
		1E21B3AE2A4B185300269411 /* WebViewPresenter.swift */ = {isa = PBXFileReference; lastKnownFileType = sourcecode.swift; path = WebViewPresenter.swift; sourceTree = "<group>"; };
		1E21B3B02A4B196A00269411 /* AlertManager.swift */ = {isa = PBXFileReference; fileEncoding = 4; lastKnownFileType = sourcecode.swift; path = AlertManager.swift; sourceTree = "<group>"; };
		1E21B3B22A4B197600269411 /* LoginVKManager.swift */ = {isa = PBXFileReference; fileEncoding = 4; lastKnownFileType = sourcecode.swift; path = LoginVKManager.swift; sourceTree = "<group>"; };
		1E21B3B42A4B1A2700269411 /* UIAlert+Extension.swift */ = {isa = PBXFileReference; lastKnownFileType = sourcecode.swift; path = "UIAlert+Extension.swift"; sourceTree = "<group>"; };
		1E2541232A5D639700A6E11C /* AppCoordinator.swift */ = {isa = PBXFileReference; lastKnownFileType = sourcecode.swift; path = AppCoordinator.swift; sourceTree = "<group>"; };
		1E2541252A5D63A600A6E11C /* Coordinator.swift */ = {isa = PBXFileReference; lastKnownFileType = sourcecode.swift; path = Coordinator.swift; sourceTree = "<group>"; };
		1E2541272A5D640100A6E11C /* BaseCoordinator.swift */ = {isa = PBXFileReference; lastKnownFileType = sourcecode.swift; path = BaseCoordinator.swift; sourceTree = "<group>"; };
		1E2541292A5D649300A6E11C /* CoordinatorOutput.swift */ = {isa = PBXFileReference; lastKnownFileType = sourcecode.swift; path = CoordinatorOutput.swift; sourceTree = "<group>"; };
		1E25412B2A5D64FD00A6E11C /* Router1.swift */ = {isa = PBXFileReference; lastKnownFileType = sourcecode.swift; path = Router1.swift; sourceTree = "<group>"; };
		1E25412D2A5D656C00A6E11C /* NavigationRouter.swift */ = {isa = PBXFileReference; lastKnownFileType = sourcecode.swift; path = NavigationRouter.swift; sourceTree = "<group>"; };
		1E2A203C2A4AC8C900FEF928 /* AuthViewController.swift */ = {isa = PBXFileReference; lastKnownFileType = sourcecode.swift; path = AuthViewController.swift; sourceTree = "<group>"; };
		1E2A20402A4AC8E400FEF928 /* RegistrationViewController.swift */ = {isa = PBXFileReference; lastKnownFileType = sourcecode.swift; path = RegistrationViewController.swift; sourceTree = "<group>"; };
		1E2BBD0C2A37307E00B74613 /* DescriptionCoreDataModel+CoreDataClass.swift */ = {isa = PBXFileReference; lastKnownFileType = sourcecode.swift; path = "DescriptionCoreDataModel+CoreDataClass.swift"; sourceTree = SOURCE_ROOT; };
		1E2BBD0D2A37307E00B74613 /* DescriptionCoreDataModel+CoreDataProperties.swift */ = {isa = PBXFileReference; lastKnownFileType = sourcecode.swift; path = "DescriptionCoreDataModel+CoreDataProperties.swift"; sourceTree = SOURCE_ROOT; };
		1E2BE10F2A4AFE58007370A0 /* RegistrationMainView.swift */ = {isa = PBXFileReference; lastKnownFileType = sourcecode.swift; path = RegistrationMainView.swift; sourceTree = "<group>"; };
		1E34F8F92A2CEDCF0065DFE7 /* NewsPresenter.swift */ = {isa = PBXFileReference; lastKnownFileType = sourcecode.swift; path = NewsPresenter.swift; sourceTree = "<group>"; };
		1E34F8FB2A2CEECD0065DFE7 /* ModuleBuilder.swift */ = {isa = PBXFileReference; fileEncoding = 4; lastKnownFileType = sourcecode.swift; path = ModuleBuilder.swift; sourceTree = "<group>"; };
		1E34F8FE2A2CEEE30065DFE7 /* AppRouter.swift */ = {isa = PBXFileReference; fileEncoding = 4; lastKnownFileType = sourcecode.swift; path = AppRouter.swift; sourceTree = "<group>"; };
		1E34F9002A2CEF3E0065DFE7 /* SearchPresenter.swift */ = {isa = PBXFileReference; fileEncoding = 4; lastKnownFileType = sourcecode.swift; path = SearchPresenter.swift; sourceTree = "<group>"; };
		1E34F9022A2CEF940065DFE7 /* CategoriesPresenter.swift */ = {isa = PBXFileReference; fileEncoding = 4; lastKnownFileType = sourcecode.swift; path = CategoriesPresenter.swift; sourceTree = "<group>"; };
		1E34F9042A2CEFE40065DFE7 /* HistoryPresenter.swift */ = {isa = PBXFileReference; fileEncoding = 4; lastKnownFileType = sourcecode.swift; path = HistoryPresenter.swift; sourceTree = "<group>"; };
		1E34F9062A2CF0140065DFE7 /* ProfilePresenter.swift */ = {isa = PBXFileReference; fileEncoding = 4; lastKnownFileType = sourcecode.swift; path = ProfilePresenter.swift; sourceTree = "<group>"; };
		1E34F9092A2CF7E30065DFE7 /* CustomVC.swift */ = {isa = PBXFileReference; lastKnownFileType = sourcecode.swift; path = CustomVC.swift; sourceTree = "<group>"; };
		1E34F90B2A2CFEBC0065DFE7 /* SplashPresenter.swift */ = {isa = PBXFileReference; fileEncoding = 4; lastKnownFileType = sourcecode.swift; path = SplashPresenter.swift; sourceTree = "<group>"; };
		1E34F90D2A2D078B0065DFE7 /* HelpCategoryPresenter.swift */ = {isa = PBXFileReference; lastKnownFileType = sourcecode.swift; path = HelpCategoryPresenter.swift; sourceTree = "<group>"; };
		1E34F90F2A2DC4850065DFE7 /* FullEventDescriptionPresenter.swift */ = {isa = PBXFileReference; lastKnownFileType = sourcecode.swift; path = FullEventDescriptionPresenter.swift; sourceTree = "<group>"; };
		1E34F9112A2DCEB90065DFE7 /* MainViewModel.swift */ = {isa = PBXFileReference; lastKnownFileType = sourcecode.swift; path = MainViewModel.swift; sourceTree = "<group>"; };
		1E34F9132A2DCECE0065DFE7 /* ParticipantsViewModel.swift */ = {isa = PBXFileReference; lastKnownFileType = sourcecode.swift; path = ParticipantsViewModel.swift; sourceTree = "<group>"; };
		1E4913A32A17A92200ABF6B6 /* Block1.app */ = {isa = PBXFileReference; explicitFileType = wrapper.application; includeInIndex = 0; path = Block1.app; sourceTree = BUILT_PRODUCTS_DIR; };
		1E4913A62A17A92200ABF6B6 /* AppDelegate.swift */ = {isa = PBXFileReference; lastKnownFileType = sourcecode.swift; path = AppDelegate.swift; sourceTree = "<group>"; };
		1E4913A82A17A92200ABF6B6 /* SceneDelegate.swift */ = {isa = PBXFileReference; lastKnownFileType = sourcecode.swift; path = SceneDelegate.swift; sourceTree = "<group>"; };
		1E4913AA2A17A92200ABF6B6 /* SplashViewController.swift */ = {isa = PBXFileReference; lastKnownFileType = sourcecode.swift; path = SplashViewController.swift; sourceTree = "<group>"; };
		1E4913AF2A17A92700ABF6B6 /* Assets.xcassets */ = {isa = PBXFileReference; lastKnownFileType = folder.assetcatalog; path = Assets.xcassets; sourceTree = "<group>"; };
		1E4913B22A17A92700ABF6B6 /* Base */ = {isa = PBXFileReference; lastKnownFileType = file.storyboard; name = Base; path = Base.lproj/LaunchScreen.storyboard; sourceTree = "<group>"; };
		1E4913B42A17A92700ABF6B6 /* Info.plist */ = {isa = PBXFileReference; lastKnownFileType = text.plist.xml; path = Info.plist; sourceTree = "<group>"; };
		1E9A614A2A55A70400A1BD18 /* CellNames.swift */ = {isa = PBXFileReference; lastKnownFileType = sourcecode.swift; path = CellNames.swift; sourceTree = "<group>"; };
		1E9A614C2A56A0E400A1BD18 /* HelpCategoryModel.swift */ = {isa = PBXFileReference; lastKnownFileType = sourcecode.swift; path = HelpCategoryModel.swift; sourceTree = "<group>"; };
		1E9A619C2A5AA72400A1BD18 /* Box.swift */ = {isa = PBXFileReference; lastKnownFileType = sourcecode.swift; path = Box.swift; sourceTree = "<group>"; };
		1E9A619F2A5AA78800A1BD18 /* RegistrationViewModel.swift */ = {isa = PBXFileReference; lastKnownFileType = sourcecode.swift; path = RegistrationViewModel.swift; sourceTree = "<group>"; };
		1E9A61A42A5AD47900A1BD18 /* AuthViewModel.swift */ = {isa = PBXFileReference; lastKnownFileType = sourcecode.swift; path = AuthViewModel.swift; sourceTree = "<group>"; };
		1E9A61A72A5AE78600A1BD18 /* CategoriesViewModel.swift */ = {isa = PBXFileReference; lastKnownFileType = sourcecode.swift; path = CategoriesViewModel.swift; sourceTree = "<group>"; };
		1E9A61AA2A5AEE7100A1BD18 /* HelpCategoryViewModel.swift */ = {isa = PBXFileReference; lastKnownFileType = sourcecode.swift; path = HelpCategoryViewModel.swift; sourceTree = "<group>"; };
		1E9B65AC2A35B684006380D9 /* CoreDataManager.swift */ = {isa = PBXFileReference; lastKnownFileType = sourcecode.swift; path = CoreDataManager.swift; sourceTree = "<group>"; };
		1E9B65AF2A35C01C006380D9 /* CoreData.xcdatamodel */ = {isa = PBXFileReference; lastKnownFileType = wrapper.xcdatamodel; path = CoreData.xcdatamodel; sourceTree = "<group>"; };
		1E9B65B42A364429006380D9 /* CategoryCoreDataModel+CoreDataProperties.swift */ = {isa = PBXFileReference; fileEncoding = 4; lastKnownFileType = sourcecode.swift; path = "CategoryCoreDataModel+CoreDataProperties.swift"; sourceTree = "<group>"; };
		1E9B65B52A364429006380D9 /* CategoryCoreDataModel+CoreDataClass.swift */ = {isa = PBXFileReference; fileEncoding = 4; lastKnownFileType = sourcecode.swift; path = "CategoryCoreDataModel+CoreDataClass.swift"; sourceTree = "<group>"; };
		1EAC070A2A515F870088E4AA /* RegistrationModel.swift */ = {isa = PBXFileReference; lastKnownFileType = sourcecode.swift; path = RegistrationModel.swift; sourceTree = "<group>"; };
		1EAC070C2A5190600088E4AA /* CustomError.swift */ = {isa = PBXFileReference; lastKnownFileType = sourcecode.swift; path = CustomError.swift; sourceTree = "<group>"; };
		1EBA91F42A5DB50E00243FFE /* MainTabBarCoordinator.swift */ = {isa = PBXFileReference; lastKnownFileType = sourcecode.swift; path = MainTabBarCoordinator.swift; sourceTree = "<group>"; };
		1EBA91F62A5DB51D00243FFE /* MainTabBarDIContainer.swift */ = {isa = PBXFileReference; lastKnownFileType = sourcecode.swift; path = MainTabBarDIContainer.swift; sourceTree = "<group>"; };
		1ED9BA2D2A39F1BF00E0963D /* GoogleService-Info.plist */ = {isa = PBXFileReference; fileEncoding = 4; lastKnownFileType = text.plist.xml; path = "GoogleService-Info.plist"; sourceTree = "<group>"; };
		1ED9BA352A3B00F300E0963D /* APIService.swift */ = {isa = PBXFileReference; fileEncoding = 4; lastKnownFileType = sourcecode.swift; path = APIService.swift; sourceTree = "<group>"; };
		1ED9BA372A3B00F900E0963D /* NetworkManager.swift */ = {isa = PBXFileReference; fileEncoding = 4; lastKnownFileType = sourcecode.swift; path = NetworkManager.swift; sourceTree = "<group>"; };
		1ED9BA392A3B00FD00E0963D /* JSONDecoderManager.swift */ = {isa = PBXFileReference; fileEncoding = 4; lastKnownFileType = sourcecode.swift; path = JSONDecoderManager.swift; sourceTree = "<group>"; };
		1ED9BA3B2A3B1A4A00E0963D /* Queues.swift */ = {isa = PBXFileReference; lastKnownFileType = sourcecode.swift; path = Queues.swift; sourceTree = "<group>"; };
		1ED9BA3D2A3B583900E0963D /* AlamofireNetworkManager.swift */ = {isa = PBXFileReference; lastKnownFileType = sourcecode.swift; path = AlamofireNetworkManager.swift; sourceTree = "<group>"; };
		1EDEC1A52A1F9D6700339FF9 /* sf-ui-text-regular.ttf */ = {isa = PBXFileReference; lastKnownFileType = file; path = "sf-ui-text-regular.ttf"; sourceTree = "<group>"; };
		1EDEC1AA2A1FA99C00339FF9 /* UIColor+Extensions.swift */ = {isa = PBXFileReference; lastKnownFileType = sourcecode.swift; path = "UIColor+Extensions.swift"; sourceTree = "<group>"; };
		1EDEC1AD2A1FB07200339FF9 /* LoadingOverlay.swift */ = {isa = PBXFileReference; fileEncoding = 4; lastKnownFileType = sourcecode.swift; path = LoadingOverlay.swift; sourceTree = "<group>"; };
		1EDEC1AF2A1FB17E00339FF9 /* CategoriesViewController.swift */ = {isa = PBXFileReference; lastKnownFileType = sourcecode.swift; path = CategoriesViewController.swift; sourceTree = "<group>"; };
		1EDEC1BF2A20A7CF00339FF9 /* CategoriesCollectionViewCell.swift */ = {isa = PBXFileReference; lastKnownFileType = sourcecode.swift; path = CategoriesCollectionViewCell.swift; sourceTree = "<group>"; };
		1EDEC1C22A20A9E700339FF9 /* CategoryModel.swift */ = {isa = PBXFileReference; lastKnownFileType = sourcecode.swift; path = CategoryModel.swift; sourceTree = "<group>"; };
		1EDEC1CB2A21FDE500339FF9 /* Fonts.swift */ = {isa = PBXFileReference; lastKnownFileType = sourcecode.swift; path = Fonts.swift; sourceTree = "<group>"; };
		1EDEC1D12A22014300339FF9 /* OfficinaSans-ExtraBold.ttf */ = {isa = PBXFileReference; lastKnownFileType = file; path = "OfficinaSans-ExtraBold.ttf"; sourceTree = "<group>"; };
		1EDEC1F62A22662600339FF9 /* HistoryViewController.swift */ = {isa = PBXFileReference; lastKnownFileType = sourcecode.swift; path = HistoryViewController.swift; sourceTree = "<group>"; };
		1EDEC1F82A22663100339FF9 /* SearchViewController.swift */ = {isa = PBXFileReference; lastKnownFileType = sourcecode.swift; path = SearchViewController.swift; sourceTree = "<group>"; };
		1EDEC1FA2A22664400339FF9 /* NewsViewController.swift */ = {isa = PBXFileReference; lastKnownFileType = sourcecode.swift; path = NewsViewController.swift; sourceTree = "<group>"; };
		1EDEC1FC2A22665000339FF9 /* ProfileViewController.swift */ = {isa = PBXFileReference; lastKnownFileType = sourcecode.swift; path = ProfileViewController.swift; sourceTree = "<group>"; };
		1EDEC1FF2A22670F00339FF9 /* MainTabBarController.swift */ = {isa = PBXFileReference; lastKnownFileType = sourcecode.swift; path = MainTabBarController.swift; sourceTree = "<group>"; };
		1EDEC2032A23AA4100339FF9 /* TabBarNames.swift */ = {isa = PBXFileReference; lastKnownFileType = sourcecode.swift; path = TabBarNames.swift; sourceTree = "<group>"; };
		1EDEC2052A23AB7000339FF9 /* Images.swift */ = {isa = PBXFileReference; lastKnownFileType = sourcecode.swift; path = Images.swift; sourceTree = "<group>"; };
		1EDEC2092A24971200339FF9 /* HelpCategoryViewController.swift */ = {isa = PBXFileReference; lastKnownFileType = sourcecode.swift; path = HelpCategoryViewController.swift; sourceTree = "<group>"; };
		1EDEC21A2A24A80300339FF9 /* sf-ui-text-medium.ttf */ = {isa = PBXFileReference; lastKnownFileType = file; path = "sf-ui-text-medium.ttf"; sourceTree = "<group>"; };
		1EDEC21D2A24AF5400339FF9 /* HelpCategoryCollectionViewCell.swift */ = {isa = PBXFileReference; lastKnownFileType = sourcecode.swift; path = HelpCategoryCollectionViewCell.swift; sourceTree = "<group>"; };
		1EDEC2202A24C74B00339FF9 /* FullEventDescriptionVC.swift */ = {isa = PBXFileReference; lastKnownFileType = sourcecode.swift; path = FullEventDescriptionVC.swift; sourceTree = "<group>"; };
		1EDEC2222A25F37500339FF9 /* UIView + Extensions.swift */ = {isa = PBXFileReference; lastKnownFileType = sourcecode.swift; path = "UIView + Extensions.swift"; sourceTree = "<group>"; };
		1EDEC2252A25F94B00339FF9 /* BottomButtonsView.swift */ = {isa = PBXFileReference; lastKnownFileType = sourcecode.swift; path = BottomButtonsView.swift; sourceTree = "<group>"; };
		1EDEC2272A25FCEB00339FF9 /* BottomParticipantsView.swift */ = {isa = PBXFileReference; lastKnownFileType = sourcecode.swift; path = BottomParticipantsView.swift; sourceTree = "<group>"; };
		1EDEC2292A25FE4E00339FF9 /* FullEventDescriptionMainView.swift */ = {isa = PBXFileReference; lastKnownFileType = sourcecode.swift; path = FullEventDescriptionMainView.swift; sourceTree = "<group>"; };
		1EDEC22C2A2637E600339FF9 /* Categories.json */ = {isa = PBXFileReference; lastKnownFileType = text.json; path = Categories.json; sourceTree = "<group>"; };
		1EDEC22F2A263B7400339FF9 /* JSONService.swift */ = {isa = PBXFileReference; lastKnownFileType = sourcecode.swift; path = JSONService.swift; sourceTree = "<group>"; };
		1EDEC2312A26422400339FF9 /* UIImageView + Extensions.swift */ = {isa = PBXFileReference; lastKnownFileType = sourcecode.swift; path = "UIImageView + Extensions.swift"; sourceTree = "<group>"; };
		1EDEC2332A2740DF00339FF9 /* Events.json */ = {isa = PBXFileReference; lastKnownFileType = text.json; path = Events.json; sourceTree = "<group>"; };
		1EDEC2392A274DFA00339FF9 /* FullEventDescriptionModel.swift */ = {isa = PBXFileReference; lastKnownFileType = sourcecode.swift; path = FullEventDescriptionModel.swift; sourceTree = "<group>"; };
		1EDEC23C2A2767F900339FF9 /* CalendarManager.swift */ = {isa = PBXFileReference; lastKnownFileType = sourcecode.swift; path = CalendarManager.swift; sourceTree = "<group>"; };
		1EDEC23E2A277B3900339FF9 /* String+Extensions.swift */ = {isa = PBXFileReference; lastKnownFileType = sourcecode.swift; path = "String+Extensions.swift"; sourceTree = "<group>"; };
		1EDEC2402A2780F700339FF9 /* ShortEventViewModel.swift */ = {isa = PBXFileReference; lastKnownFileType = sourcecode.swift; path = ShortEventViewModel.swift; sourceTree = "<group>"; };
		1EDEC2422A27829D00339FF9 /* FullEventDescriptionViewModel.swift */ = {isa = PBXFileReference; lastKnownFileType = sourcecode.swift; path = FullEventDescriptionViewModel.swift; sourceTree = "<group>"; };
		1EF12A142A5D6BC0009A2B2A /* AppDIContainer.swift */ = {isa = PBXFileReference; lastKnownFileType = sourcecode.swift; path = AppDIContainer.swift; sourceTree = "<group>"; };
		1EF12A172A5D6CC9009A2B2A /* SearchAdressViewController.swift */ = {isa = PBXFileReference; fileEncoding = 4; lastKnownFileType = sourcecode.swift; path = SearchAdressViewController.swift; sourceTree = "<group>"; };
		1EF12A182A5D6CC9009A2B2A /* RestaurantsViewController.swift */ = {isa = PBXFileReference; fileEncoding = 4; lastKnownFileType = sourcecode.swift; path = RestaurantsViewController.swift; sourceTree = "<group>"; };
		1EF12A192A5D6CC9009A2B2A /* MapViewController.swift */ = {isa = PBXFileReference; fileEncoding = 4; lastKnownFileType = sourcecode.swift; path = MapViewController.swift; sourceTree = "<group>"; };
		1EF12A1E2A5D6EB2009A2B2A /* MapCoordinator.swift */ = {isa = PBXFileReference; lastKnownFileType = sourcecode.swift; path = MapCoordinator.swift; sourceTree = "<group>"; };
		1EF12A212A5D74A7009A2B2A /* CatalogViewController.swift */ = {isa = PBXFileReference; lastKnownFileType = sourcecode.swift; path = CatalogViewController.swift; sourceTree = "<group>"; };
		1EF12A232A5D74B2009A2B2A /* CatalogCoordinator.swift */ = {isa = PBXFileReference; lastKnownFileType = sourcecode.swift; path = CatalogCoordinator.swift; sourceTree = "<group>"; };
		1EF12A252A5D74C1009A2B2A /* CartViewCOntroller.swift */ = {isa = PBXFileReference; lastKnownFileType = sourcecode.swift; path = CartViewCOntroller.swift; sourceTree = "<group>"; };
		1EF12A272A5D74CE009A2B2A /* DetailViewCOntroller.swift */ = {isa = PBXFileReference; lastKnownFileType = sourcecode.swift; path = DetailViewCOntroller.swift; sourceTree = "<group>"; };
		1EF12A292A5D7988009A2B2A /* MapDIContainer.swift */ = {isa = PBXFileReference; lastKnownFileType = sourcecode.swift; path = MapDIContainer.swift; sourceTree = "<group>"; };
		1EF12A2D2A5D987B009A2B2A /* CatalogDIContrainer.swift */ = {isa = PBXFileReference; lastKnownFileType = sourcecode.swift; path = CatalogDIContrainer.swift; sourceTree = "<group>"; };
		1EF12A322A5DB001009A2B2A /* AuthCoordinator.swift */ = {isa = PBXFileReference; lastKnownFileType = sourcecode.swift; path = AuthCoordinator.swift; sourceTree = "<group>"; };
		1EF12A342A5DB07A009A2B2A /* AuthDIContainer.swift */ = {isa = PBXFileReference; lastKnownFileType = sourcecode.swift; path = AuthDIContainer.swift; sourceTree = "<group>"; };
		6A20C710CD9A151A63C120CD /* Pods-Block1.debug.xcconfig */ = {isa = PBXFileReference; includeInIndex = 1; lastKnownFileType = text.xcconfig; name = "Pods-Block1.debug.xcconfig"; path = "Target Support Files/Pods-Block1/Pods-Block1.debug.xcconfig"; sourceTree = "<group>"; };
		8DD254E81BD3387B0EFC8003 /* Pods-Block1.release.xcconfig */ = {isa = PBXFileReference; includeInIndex = 1; lastKnownFileType = text.xcconfig; name = "Pods-Block1.release.xcconfig"; path = "Target Support Files/Pods-Block1/Pods-Block1.release.xcconfig"; sourceTree = "<group>"; };
		A634B7E3463693E8FE9E048F /* Pods_Block1.framework */ = {isa = PBXFileReference; explicitFileType = wrapper.framework; includeInIndex = 0; path = Pods_Block1.framework; sourceTree = BUILT_PRODUCTS_DIR; };
/* End PBXFileReference section */

/* Begin PBXFrameworksBuildPhase section */
		1E4913A02A17A92200ABF6B6 /* Frameworks */ = {
			isa = PBXFrameworksBuildPhase;
			buildActionMask = 2147483647;
			files = (
				1E1142F375822E55561F9695 /* Pods_Block1.framework in Frameworks */,
			);
			runOnlyForDeploymentPostprocessing = 0;
		};
/* End PBXFrameworksBuildPhase section */

/* Begin PBXGroup section */
		1E0429582A4AF209009C1268 /* Views */ = {
			isa = PBXGroup;
			children = (
				1E0429592A4AF21F009C1268 /* AuthMainView.swift */,
			);
			path = Views;
			sourceTree = "<group>";
		};
		1E1394962A5E9C500016CF5D /* CategoriesNav */ = {
			isa = PBXGroup;
			children = (
				1E1394972A5E9C710016CF5D /* CategoriesCoordinator.swift */,
				1E1394992A5E9C810016CF5D /* CategoriesDIContainer.swift */,
			);
			path = CategoriesNav;
			sourceTree = "<group>";
		};
		1E21B3AB2A4B182D00269411 /* WebView */ = {
			isa = PBXGroup;
			children = (
				1E21B3AC2A4B184500269411 /* WebViewViewController.swift */,
				1E21B3AE2A4B185300269411 /* WebViewPresenter.swift */,
			);
			path = WebView;
			sourceTree = "<group>";
		};
		1E2541222A5D638300A6E11C /* AppNavigation */ = {
			isa = PBXGroup;
			children = (
				1E2541232A5D639700A6E11C /* AppCoordinator.swift */,
				1EF12A142A5D6BC0009A2B2A /* AppDIContainer.swift */,
				1EF12A302A5DAE7A009A2B2A /* SupportingNav */,
			);
			path = AppNavigation;
			sourceTree = "<group>";
		};
		1E2A203B2A4AC8B700FEF928 /* Auth */ = {
			isa = PBXGroup;
			children = (
				1E2A203C2A4AC8C900FEF928 /* AuthViewController.swift */,
				1E9A61A32A5AD46A00A1BD18 /* AuthViewModel */,
				1E0429582A4AF209009C1268 /* Views */,
				1EF12A312A5DAFA4009A2B2A /* AuthNav */,
			);
			path = Auth;
			sourceTree = "<group>";
		};
		1E2A20422A4AC8EE00FEF928 /* Registration */ = {
			isa = PBXGroup;
			children = (
				1E2A20402A4AC8E400FEF928 /* RegistrationViewController.swift */,
				1E9A619E2A5AA77100A1BD18 /* RegistrationViewModel */,
				1E2BE10E2A4AFE3B007370A0 /* RegistrationMainView */,
				1EAC07092A515F740088E4AA /* Models */,
			);
			path = Registration;
			sourceTree = "<group>";
		};
		1E2BE10E2A4AFE3B007370A0 /* RegistrationMainView */ = {
			isa = PBXGroup;
			children = (
				1E2BE10F2A4AFE58007370A0 /* RegistrationMainView.swift */,
			);
			path = RegistrationMainView;
			sourceTree = "<group>";
		};
		1E34F8FD2A2CEED50065DFE7 /* AppRouter */ = {
			isa = PBXGroup;
			children = (
				1E34F8FE2A2CEEE30065DFE7 /* AppRouter.swift */,
			);
			path = AppRouter;
			sourceTree = "<group>";
		};
		1E34F9082A2CF7D00065DFE7 /* Helpers */ = {
			isa = PBXGroup;
			children = (
				1E34F9092A2CF7E30065DFE7 /* CustomVC.swift */,
				1E9A619C2A5AA72400A1BD18 /* Box.swift */,
			);
			path = Helpers;
			sourceTree = "<group>";
		};
		1E49139A2A17A92100ABF6B6 = {
			isa = PBXGroup;
			children = (
				1E9B65AE2A35C01C006380D9 /* CoreData.xcdatamodeld */,
				1E4913A52A17A92200ABF6B6 /* Block1 */,
				1E4913A42A17A92200ABF6B6 /* Products */,
				FB9AC1B155CD35FDCE5A32E2 /* Pods */,
				4649130639467E1461E5C18C /* Frameworks */,
			);
			sourceTree = "<group>";
		};
		1E4913A42A17A92200ABF6B6 /* Products */ = {
			isa = PBXGroup;
			children = (
				1E4913A32A17A92200ABF6B6 /* Block1.app */,
			);
			name = Products;
			sourceTree = "<group>";
		};
		1E4913A52A17A92200ABF6B6 /* Block1 */ = {
			isa = PBXGroup;
			children = (
				1EDEC1B12A20999A00339FF9 /* Modules */,
				1E4913BB2A17A9D400ABF6B6 /* Applications */,
				1EDEC1C92A21FDC900339FF9 /* Common */,
			);
			path = Block1;
			sourceTree = "<group>";
		};
		1E4913BB2A17A9D400ABF6B6 /* Applications */ = {
			isa = PBXGroup;
			children = (
				1E4913A62A17A92200ABF6B6 /* AppDelegate.swift */,
				1E4913A82A17A92200ABF6B6 /* SceneDelegate.swift */,
				1E4913AF2A17A92700ABF6B6 /* Assets.xcassets */,
				1E4913B12A17A92700ABF6B6 /* LaunchScreen.storyboard */,
				1ED9BA2D2A39F1BF00E0963D /* GoogleService-Info.plist */,
				1E4913B42A17A92700ABF6B6 /* Info.plist */,
			);
			path = Applications;
			sourceTree = "<group>";
		};
		1E9A619E2A5AA77100A1BD18 /* RegistrationViewModel */ = {
			isa = PBXGroup;
			children = (
				1E9A619F2A5AA78800A1BD18 /* RegistrationViewModel.swift */,
			);
			path = RegistrationViewModel;
			sourceTree = "<group>";
		};
		1E9A61A32A5AD46A00A1BD18 /* AuthViewModel */ = {
			isa = PBXGroup;
			children = (
				1E9A61A42A5AD47900A1BD18 /* AuthViewModel.swift */,
			);
			path = AuthViewModel;
			sourceTree = "<group>";
		};
		1E9A61A62A5AE76F00A1BD18 /* CategoriesViewModel */ = {
			isa = PBXGroup;
			children = (
				1E9A61A72A5AE78600A1BD18 /* CategoriesViewModel.swift */,
			);
			path = CategoriesViewModel;
			sourceTree = "<group>";
		};
		1E9A61A92A5AEE5B00A1BD18 /* HelpCategoryViewModel */ = {
			isa = PBXGroup;
			children = (
				1E9A61AA2A5AEE7100A1BD18 /* HelpCategoryViewModel.swift */,
			);
			path = HelpCategoryViewModel;
			sourceTree = "<group>";
		};
		1E9B65B32A3643FB006380D9 /* CategoryCoreDataModel */ = {
			isa = PBXGroup;
			children = (
				1E9B65B52A364429006380D9 /* CategoryCoreDataModel+CoreDataClass.swift */,
				1E9B65B42A364429006380D9 /* CategoryCoreDataModel+CoreDataProperties.swift */,
			);
			name = CategoryCoreDataModel;
			path = ../../..;
			sourceTree = "<group>";
		};
		1EAC07092A515F740088E4AA /* Models */ = {
			isa = PBXGroup;
			children = (
				1EAC070A2A515F870088E4AA /* RegistrationModel.swift */,
			);
			path = Models;
			sourceTree = "<group>";
		};
		1EBA91F32A5DB4F300243FFE /* MainTabBarNav */ = {
			isa = PBXGroup;
			children = (
				1EBA91F42A5DB50E00243FFE /* MainTabBarCoordinator.swift */,
				1EBA91F62A5DB51D00243FFE /* MainTabBarDIContainer.swift */,
			);
			path = MainTabBarNav;
			sourceTree = "<group>";
		};
		1EDEC1A12A1F9CF500339FF9 /* Fonts */ = {
			isa = PBXGroup;
			children = (
				1EDEC1A52A1F9D6700339FF9 /* sf-ui-text-regular.ttf */,
				1EDEC21A2A24A80300339FF9 /* sf-ui-text-medium.ttf */,
				1EDEC1D12A22014300339FF9 /* OfficinaSans-ExtraBold.ttf */,
			);
			path = Fonts;
			sourceTree = "<group>";
		};
		1EDEC1A72A1FA96C00339FF9 /* Extensions */ = {
			isa = PBXGroup;
			children = (
				1EDEC1AA2A1FA99C00339FF9 /* UIColor+Extensions.swift */,
				1EDEC2222A25F37500339FF9 /* UIView + Extensions.swift */,
				1EDEC2312A26422400339FF9 /* UIImageView + Extensions.swift */,
				1EDEC23E2A277B3900339FF9 /* String+Extensions.swift */,
				1E21B3B42A4B1A2700269411 /* UIAlert+Extension.swift */,
			);
			path = Extensions;
			sourceTree = "<group>";
		};
		1EDEC1AC2A1FB06300339FF9 /* Loader */ = {
			isa = PBXGroup;
			children = (
				1EDEC1AD2A1FB07200339FF9 /* LoadingOverlay.swift */,
			);
			path = Loader;
			sourceTree = "<group>";
		};
		1EDEC1B12A20999A00339FF9 /* Modules */ = {
			isa = PBXGroup;
			children = (
				1EF12A162A5D6C7C009A2B2A /* Vcs */,
				1E2541222A5D638300A6E11C /* AppNavigation */,
				1E2A203B2A4AC8B700FEF928 /* Auth */,
				1E2A20422A4AC8EE00FEF928 /* Registration */,
				1EDEC1FE2A2266FC00339FF9 /* MainTabBar */,
				1EDEC1B52A20A0D100339FF9 /* Categories */,
				1EDEC2112A249FE000339FF9 /* CategoryItems */,
				1EF12A2F2A5DADEB009A2B2A /* ElseModules */,
			);
			path = Modules;
			sourceTree = "<group>";
		};
		1EDEC1B22A2099A200339FF9 /* Splash */ = {
			isa = PBXGroup;
			children = (
				1E4913AA2A17A92200ABF6B6 /* SplashViewController.swift */,
				1E34F90B2A2CFEBC0065DFE7 /* SplashPresenter.swift */,
			);
			path = Splash;
			sourceTree = "<group>";
		};
		1EDEC1B52A20A0D100339FF9 /* Categories */ = {
			isa = PBXGroup;
			children = (
				1EDEC1AF2A1FB17E00339FF9 /* CategoriesViewController.swift */,
				1E9A61A62A5AE76F00A1BD18 /* CategoriesViewModel */,
				1E1394962A5E9C500016CF5D /* CategoriesNav */,
				1E9B65B32A3643FB006380D9 /* CategoryCoreDataModel */,
				1EDEC1C12A20A9D200339FF9 /* Models */,
				1EDEC1BE2A20A7AF00339FF9 /* Cells */,
				1E34F9022A2CEF940065DFE7 /* CategoriesPresenter.swift */,
			);
			path = Categories;
			sourceTree = "<group>";
		};
		1EDEC1BE2A20A7AF00339FF9 /* Cells */ = {
			isa = PBXGroup;
			children = (
				1EDEC1BF2A20A7CF00339FF9 /* CategoriesCollectionViewCell.swift */,
			);
			path = Cells;
			sourceTree = "<group>";
		};
		1EDEC1C12A20A9D200339FF9 /* Models */ = {
			isa = PBXGroup;
			children = (
				1EDEC1C22A20A9E700339FF9 /* CategoryModel.swift */,
				1E9A614C2A56A0E400A1BD18 /* HelpCategoryModel.swift */,
			);
			path = Models;
			sourceTree = "<group>";
		};
		1EDEC1C92A21FDC900339FF9 /* Common */ = {
			isa = PBXGroup;
			children = (
				1E34F9082A2CF7D00065DFE7 /* Helpers */,
				1E34F8FD2A2CEED50065DFE7 /* AppRouter */,
				1EDEC23B2A2767E900339FF9 /* Managers */,
				1EDEC22E2A263B6400339FF9 /* Services */,
				1EDEC22B2A2637B300339FF9 /* JSONFiles */,
				1EDEC1CA2A21FDCF00339FF9 /* Enums */,
				1EDEC1A12A1F9CF500339FF9 /* Fonts */,
				1EDEC1A72A1FA96C00339FF9 /* Extensions */,
				1EDEC1AC2A1FB06300339FF9 /* Loader */,
			);
			path = Common;
			sourceTree = "<group>";
		};
		1EDEC1CA2A21FDCF00339FF9 /* Enums */ = {
			isa = PBXGroup;
			children = (
				1EDEC1CB2A21FDE500339FF9 /* Fonts.swift */,
				1EDEC2032A23AA4100339FF9 /* TabBarNames.swift */,
				1EDEC2052A23AB7000339FF9 /* Images.swift */,
				1ED9BA3B2A3B1A4A00E0963D /* Queues.swift */,
				1EAC070C2A5190600088E4AA /* CustomError.swift */,
				1E9A614A2A55A70400A1BD18 /* CellNames.swift */,
			);
			path = Enums;
			sourceTree = "<group>";
		};
		1EDEC1EE2A2265C200339FF9 /* News */ = {
			isa = PBXGroup;
			children = (
				1EDEC1FA2A22664400339FF9 /* NewsViewController.swift */,
				1E34F8F92A2CEDCF0065DFE7 /* NewsPresenter.swift */,
			);
			path = News;
			sourceTree = "<group>";
		};
		1EDEC1F32A2265E200339FF9 /* Profile */ = {
			isa = PBXGroup;
			children = (
				1EDEC1FC2A22665000339FF9 /* ProfileViewController.swift */,
				1E34F9062A2CF0140065DFE7 /* ProfilePresenter.swift */,
			);
			path = Profile;
			sourceTree = "<group>";
		};
		1EDEC1F42A2265F500339FF9 /* History */ = {
			isa = PBXGroup;
			children = (
				1EDEC1F62A22662600339FF9 /* HistoryViewController.swift */,
				1E34F9042A2CEFE40065DFE7 /* HistoryPresenter.swift */,
			);
			path = History;
			sourceTree = "<group>";
		};
		1EDEC1F52A22660600339FF9 /* Search */ = {
			isa = PBXGroup;
			children = (
				1EDEC1F82A22663100339FF9 /* SearchViewController.swift */,
				1E34F9002A2CEF3E0065DFE7 /* SearchPresenter.swift */,
			);
			path = Search;
			sourceTree = "<group>";
		};
		1EDEC1FE2A2266FC00339FF9 /* MainTabBar */ = {
			isa = PBXGroup;
			children = (
				1EBA91F32A5DB4F300243FFE /* MainTabBarNav */,
				1EDEC1FF2A22670F00339FF9 /* MainTabBarController.swift */,
			);
			path = MainTabBar;
			sourceTree = "<group>";
		};
		1EDEC2082A2496F100339FF9 /* HelpCategory */ = {
			isa = PBXGroup;
			children = (
				1EDEC2352A274C8E00339FF9 /* Models */,
				1EDEC2092A24971200339FF9 /* HelpCategoryViewController.swift */,
				1E9A61A92A5AEE5B00A1BD18 /* HelpCategoryViewModel */,
				1E34F90D2A2D078B0065DFE7 /* HelpCategoryPresenter.swift */,
				1EDEC21C2A24AF3C00339FF9 /* Cells */,
			);
			path = HelpCategory;
			sourceTree = "<group>";
		};
		1EDEC2112A249FE000339FF9 /* CategoryItems */ = {
			isa = PBXGroup;
			children = (
				1EDEC2082A2496F100339FF9 /* HelpCategory */,
				1EDEC21F2A24C72700339FF9 /* FullEventDescription */,
			);
			path = CategoryItems;
			sourceTree = "<group>";
		};
		1EDEC21C2A24AF3C00339FF9 /* Cells */ = {
			isa = PBXGroup;
			children = (
				1EDEC21D2A24AF5400339FF9 /* HelpCategoryCollectionViewCell.swift */,
			);
			path = Cells;
			sourceTree = "<group>";
		};
		1EDEC21F2A24C72700339FF9 /* FullEventDescription */ = {
			isa = PBXGroup;
			children = (
				1EDEC2382A274DE700339FF9 /* Models */,
				1EDEC2242A25F92600339FF9 /* Views */,
				1EDEC2202A24C74B00339FF9 /* FullEventDescriptionVC.swift */,
				1E34F90F2A2DC4850065DFE7 /* FullEventDescriptionPresenter.swift */,
			);
			path = FullEventDescription;
			sourceTree = "<group>";
		};
		1EDEC2242A25F92600339FF9 /* Views */ = {
			isa = PBXGroup;
			children = (
				1EDEC2252A25F94B00339FF9 /* BottomButtonsView.swift */,
				1EDEC2272A25FCEB00339FF9 /* BottomParticipantsView.swift */,
				1EDEC2292A25FE4E00339FF9 /* FullEventDescriptionMainView.swift */,
			);
			path = Views;
			sourceTree = "<group>";
		};
		1EDEC22B2A2637B300339FF9 /* JSONFiles */ = {
			isa = PBXGroup;
			children = (
				1EDEC22C2A2637E600339FF9 /* Categories.json */,
				1EDEC2332A2740DF00339FF9 /* Events.json */,
			);
			path = JSONFiles;
			sourceTree = "<group>";
		};
		1EDEC22E2A263B6400339FF9 /* Services */ = {
			isa = PBXGroup;
			children = (
				1EDEC22F2A263B7400339FF9 /* JSONService.swift */,
				1ED9BA352A3B00F300E0963D /* APIService.swift */,
			);
			path = Services;
			sourceTree = "<group>";
		};
		1EDEC2352A274C8E00339FF9 /* Models */ = {
			isa = PBXGroup;
			children = (
				1EDEC2402A2780F700339FF9 /* ShortEventViewModel.swift */,
			);
			path = Models;
			sourceTree = "<group>";
		};
		1EDEC2382A274DE700339FF9 /* Models */ = {
			isa = PBXGroup;
			children = (
				1E2BBD0C2A37307E00B74613 /* DescriptionCoreDataModel+CoreDataClass.swift */,
				1E2BBD0D2A37307E00B74613 /* DescriptionCoreDataModel+CoreDataProperties.swift */,
				1EDEC2392A274DFA00339FF9 /* FullEventDescriptionModel.swift */,
				1EDEC2422A27829D00339FF9 /* FullEventDescriptionViewModel.swift */,
				1E34F9112A2DCEB90065DFE7 /* MainViewModel.swift */,
				1E34F9132A2DCECE0065DFE7 /* ParticipantsViewModel.swift */,
			);
			path = Models;
			sourceTree = "<group>";
		};
		1EDEC23B2A2767E900339FF9 /* Managers */ = {
			isa = PBXGroup;
			children = (
				1E21B3B02A4B196A00269411 /* AlertManager.swift */,
				1E21B3B22A4B197600269411 /* LoginVKManager.swift */,
				1EDEC23C2A2767F900339FF9 /* CalendarManager.swift */,
				1E34F8FB2A2CEECD0065DFE7 /* ModuleBuilder.swift */,
				1E9B65AC2A35B684006380D9 /* CoreDataManager.swift */,
				1ED9BA372A3B00F900E0963D /* NetworkManager.swift */,
				1ED9BA3D2A3B583900E0963D /* AlamofireNetworkManager.swift */,
				1ED9BA392A3B00FD00E0963D /* JSONDecoderManager.swift */,
			);
			path = Managers;
			sourceTree = "<group>";
		};
		1EF12A162A5D6C7C009A2B2A /* Vcs */ = {
			isa = PBXGroup;
			children = (
				1EF12A1D2A5D6EA1009A2B2A /* Map */,
				1EF12A202A5D7477009A2B2A /* Catalog */,
			);
			path = Vcs;
			sourceTree = "<group>";
		};
		1EF12A1D2A5D6EA1009A2B2A /* Map */ = {
			isa = PBXGroup;
			children = (
				1EF12A2B2A5D9831009A2B2A /* Scenes */,
				1EF12A1E2A5D6EB2009A2B2A /* MapCoordinator.swift */,
				1EF12A292A5D7988009A2B2A /* MapDIContainer.swift */,
			);
			path = Map;
			sourceTree = "<group>";
		};
		1EF12A202A5D7477009A2B2A /* Catalog */ = {
			isa = PBXGroup;
			children = (
				1EF12A2C2A5D9846009A2B2A /* Scenes */,
				1EF12A232A5D74B2009A2B2A /* CatalogCoordinator.swift */,
				1EF12A2D2A5D987B009A2B2A /* CatalogDIContrainer.swift */,
			);
			path = Catalog;
			sourceTree = "<group>";
		};
		1EF12A2B2A5D9831009A2B2A /* Scenes */ = {
			isa = PBXGroup;
			children = (
				1EF12A192A5D6CC9009A2B2A /* MapViewController.swift */,
				1EF12A172A5D6CC9009A2B2A /* SearchAdressViewController.swift */,
				1EF12A182A5D6CC9009A2B2A /* RestaurantsViewController.swift */,
			);
			path = Scenes;
			sourceTree = "<group>";
		};
		1EF12A2C2A5D9846009A2B2A /* Scenes */ = {
			isa = PBXGroup;
			children = (
				1EF12A212A5D74A7009A2B2A /* CatalogViewController.swift */,
				1EF12A252A5D74C1009A2B2A /* CartViewCOntroller.swift */,
				1EF12A272A5D74CE009A2B2A /* DetailViewCOntroller.swift */,
			);
			path = Scenes;
			sourceTree = "<group>";
		};
		1EF12A2F2A5DADEB009A2B2A /* ElseModules */ = {
			isa = PBXGroup;
			children = (
				1EDEC1B22A2099A200339FF9 /* Splash */,
				1E21B3AB2A4B182D00269411 /* WebView */,
				1EDEC1F42A2265F500339FF9 /* History */,
				1EDEC1EE2A2265C200339FF9 /* News */,
				1EDEC1F52A22660600339FF9 /* Search */,
				1EDEC1F32A2265E200339FF9 /* Profile */,
			);
			path = ElseModules;
			sourceTree = "<group>";
		};
		1EF12A302A5DAE7A009A2B2A /* SupportingNav */ = {
			isa = PBXGroup;
			children = (
				1E2541252A5D63A600A6E11C /* Coordinator.swift */,
				1E2541272A5D640100A6E11C /* BaseCoordinator.swift */,
				1E25412B2A5D64FD00A6E11C /* Router1.swift */,
				1E25412D2A5D656C00A6E11C /* NavigationRouter.swift */,
				1E2541292A5D649300A6E11C /* CoordinatorOutput.swift */,
			);
			path = SupportingNav;
			sourceTree = "<group>";
		};
		1EF12A312A5DAFA4009A2B2A /* AuthNav */ = {
			isa = PBXGroup;
			children = (
				1EF12A322A5DB001009A2B2A /* AuthCoordinator.swift */,
				1EF12A342A5DB07A009A2B2A /* AuthDIContainer.swift */,
			);
			path = AuthNav;
			sourceTree = "<group>";
		};
		4649130639467E1461E5C18C /* Frameworks */ = {
			isa = PBXGroup;
			children = (
				A634B7E3463693E8FE9E048F /* Pods_Block1.framework */,
			);
			name = Frameworks;
			sourceTree = "<group>";
		};
		FB9AC1B155CD35FDCE5A32E2 /* Pods */ = {
			isa = PBXGroup;
			children = (
				6A20C710CD9A151A63C120CD /* Pods-Block1.debug.xcconfig */,
				8DD254E81BD3387B0EFC8003 /* Pods-Block1.release.xcconfig */,
			);
			path = Pods;
			sourceTree = "<group>";
		};
/* End PBXGroup section */

/* Begin PBXNativeTarget section */
		1E4913A22A17A92200ABF6B6 /* Block1 */ = {
			isa = PBXNativeTarget;
			buildConfigurationList = 1E4913B72A17A92700ABF6B6 /* Build configuration list for PBXNativeTarget "Block1" */;
			buildPhases = (
				A91BF8E1161B0855E4366D6B /* [CP] Check Pods Manifest.lock */,
				1E49139F2A17A92200ABF6B6 /* Sources */,
				1E4913A02A17A92200ABF6B6 /* Frameworks */,
				1E4913A12A17A92200ABF6B6 /* Resources */,
				17AAC9137DF9A8E5BDF3C645 /* [CP] Embed Pods Frameworks */,
			);
			buildRules = (
			);
			dependencies = (
			);
			name = Block1;
			productName = Block1;
			productReference = 1E4913A32A17A92200ABF6B6 /* Block1.app */;
			productType = "com.apple.product-type.application";
		};
/* End PBXNativeTarget section */

/* Begin PBXProject section */
		1E49139B2A17A92100ABF6B6 /* Project object */ = {
			isa = PBXProject;
			attributes = {
				BuildIndependentTargetsInParallel = 1;
				LastSwiftUpdateCheck = 1420;
				LastUpgradeCheck = 1420;
				TargetAttributes = {
					1E4913A22A17A92200ABF6B6 = {
						CreatedOnToolsVersion = 14.2;
					};
				};
			};
			buildConfigurationList = 1E49139E2A17A92100ABF6B6 /* Build configuration list for PBXProject "Block1" */;
			compatibilityVersion = "Xcode 14.0";
			developmentRegion = en;
			hasScannedForEncodings = 0;
			knownRegions = (
				en,
				Base,
			);
			mainGroup = 1E49139A2A17A92100ABF6B6;
			productRefGroup = 1E4913A42A17A92200ABF6B6 /* Products */;
			projectDirPath = "";
			projectRoot = "";
			targets = (
				1E4913A22A17A92200ABF6B6 /* Block1 */,
			);
		};
/* End PBXProject section */

/* Begin PBXResourcesBuildPhase section */
		1E4913A12A17A92200ABF6B6 /* Resources */ = {
			isa = PBXResourcesBuildPhase;
			buildActionMask = 2147483647;
			files = (
				1EDEC1D22A22014300339FF9 /* OfficinaSans-ExtraBold.ttf in Resources */,
				1E4913B32A17A92700ABF6B6 /* LaunchScreen.storyboard in Resources */,
				1ED9BA2E2A39F1BF00E0963D /* GoogleService-Info.plist in Resources */,
				1EDEC21B2A24A80300339FF9 /* sf-ui-text-medium.ttf in Resources */,
				1EDEC22D2A2637E600339FF9 /* Categories.json in Resources */,
				1EDEC1A62A1F9D6700339FF9 /* sf-ui-text-regular.ttf in Resources */,
				1EDEC2342A2740DF00339FF9 /* Events.json in Resources */,
				1E4913B02A17A92700ABF6B6 /* Assets.xcassets in Resources */,
			);
			runOnlyForDeploymentPostprocessing = 0;
		};
/* End PBXResourcesBuildPhase section */

/* Begin PBXShellScriptBuildPhase section */
		17AAC9137DF9A8E5BDF3C645 /* [CP] Embed Pods Frameworks */ = {
			isa = PBXShellScriptBuildPhase;
			buildActionMask = 2147483647;
			files = (
			);
			inputFileListPaths = (
				"${PODS_ROOT}/Target Support Files/Pods-Block1/Pods-Block1-frameworks-${CONFIGURATION}-input-files.xcfilelist",
			);
			name = "[CP] Embed Pods Frameworks";
			outputFileListPaths = (
				"${PODS_ROOT}/Target Support Files/Pods-Block1/Pods-Block1-frameworks-${CONFIGURATION}-output-files.xcfilelist",
			);
			runOnlyForDeploymentPostprocessing = 0;
			shellPath = /bin/sh;
			shellScript = "\"${PODS_ROOT}/Target Support Files/Pods-Block1/Pods-Block1-frameworks.sh\"\n";
			showEnvVarsInLog = 0;
		};
		A91BF8E1161B0855E4366D6B /* [CP] Check Pods Manifest.lock */ = {
			isa = PBXShellScriptBuildPhase;
			buildActionMask = 2147483647;
			files = (
			);
			inputFileListPaths = (
			);
			inputPaths = (
				"${PODS_PODFILE_DIR_PATH}/Podfile.lock",
				"${PODS_ROOT}/Manifest.lock",
			);
			name = "[CP] Check Pods Manifest.lock";
			outputFileListPaths = (
			);
			outputPaths = (
				"$(DERIVED_FILE_DIR)/Pods-Block1-checkManifestLockResult.txt",
			);
			runOnlyForDeploymentPostprocessing = 0;
			shellPath = /bin/sh;
			shellScript = "diff \"${PODS_PODFILE_DIR_PATH}/Podfile.lock\" \"${PODS_ROOT}/Manifest.lock\" > /dev/null\nif [ $? != 0 ] ; then\n    # print error to STDERR\n    echo \"error: The sandbox is not in sync with the Podfile.lock. Run 'pod install' or update your CocoaPods installation.\" >&2\n    exit 1\nfi\n# This output is used by Xcode 'outputs' to avoid re-running this script phase.\necho \"SUCCESS\" > \"${SCRIPT_OUTPUT_FILE_0}\"\n";
			showEnvVarsInLog = 0;
		};
/* End PBXShellScriptBuildPhase section */

/* Begin PBXSourcesBuildPhase section */
		1E49139F2A17A92200ABF6B6 /* Sources */ = {
			isa = PBXSourcesBuildPhase;
			buildActionMask = 2147483647;
			files = (
				1E34F9122A2DCEB90065DFE7 /* MainViewModel.swift in Sources */,
				1E9B65B72A364429006380D9 /* CategoryCoreDataModel+CoreDataClass.swift in Sources */,
				1E25412C2A5D64FD00A6E11C /* Router1.swift in Sources */,
				1E21B3B12A4B196A00269411 /* AlertManager.swift in Sources */,
				1EF12A222A5D74A7009A2B2A /* CatalogViewController.swift in Sources */,
				1ED9BA3A2A3B00FE00E0963D /* JSONDecoderManager.swift in Sources */,
				1EAC070B2A515F870088E4AA /* RegistrationModel.swift in Sources */,
				1EF12A1A2A5D6CC9009A2B2A /* SearchAdressViewController.swift in Sources */,
				1ED9BA362A3B00F300E0963D /* APIService.swift in Sources */,
				1E9A614B2A55A70400A1BD18 /* CellNames.swift in Sources */,
				1EF12A152A5D6BC0009A2B2A /* AppDIContainer.swift in Sources */,
				1E2A20412A4AC8E400FEF928 /* RegistrationViewController.swift in Sources */,
				1EDEC2262A25F94B00339FF9 /* BottomButtonsView.swift in Sources */,
				1E9A61A02A5AA78800A1BD18 /* RegistrationViewModel.swift in Sources */,
				1E1394982A5E9C710016CF5D /* CategoriesCoordinator.swift in Sources */,
				1EF12A352A5DB07A009A2B2A /* AuthDIContainer.swift in Sources */,
				1E9B65B62A364429006380D9 /* CategoryCoreDataModel+CoreDataProperties.swift in Sources */,
				1E34F90A2A2CF7E30065DFE7 /* CustomVC.swift in Sources */,
				1EDEC23F2A277B3900339FF9 /* String+Extensions.swift in Sources */,
				1E34F9142A2DCECE0065DFE7 /* ParticipantsViewModel.swift in Sources */,
				1E21B3B52A4B1A2700269411 /* UIAlert+Extension.swift in Sources */,
				1ED9BA382A3B00F900E0963D /* NetworkManager.swift in Sources */,
				1E34F8FF2A2CEEE30065DFE7 /* AppRouter.swift in Sources */,
				1E25412E2A5D656C00A6E11C /* NavigationRouter.swift in Sources */,
				1EDEC1B02A1FB17E00339FF9 /* CategoriesViewController.swift in Sources */,
				1EDEC1F92A22663100339FF9 /* SearchViewController.swift in Sources */,
				1EDEC2212A24C74B00339FF9 /* FullEventDescriptionVC.swift in Sources */,
				1E2BBD0E2A37307E00B74613 /* DescriptionCoreDataModel+CoreDataClass.swift in Sources */,
				1E9A614D2A56A0E400A1BD18 /* HelpCategoryModel.swift in Sources */,
				1EDEC22A2A25FE4E00339FF9 /* FullEventDescriptionMainView.swift in Sources */,
				1EF12A1C2A5D6CC9009A2B2A /* MapViewController.swift in Sources */,
				1EDEC23D2A2767FA00339FF9 /* CalendarManager.swift in Sources */,
				1EDEC1C32A20A9E700339FF9 /* CategoryModel.swift in Sources */,
				1E21B3B32A4B197600269411 /* LoginVKManager.swift in Sources */,
				1EDEC2282A25FCEB00339FF9 /* BottomParticipantsView.swift in Sources */,
				1E13949A2A5E9C810016CF5D /* CategoriesDIContainer.swift in Sources */,
				1E2541242A5D639700A6E11C /* AppCoordinator.swift in Sources */,
				1EDEC2432A27829D00339FF9 /* FullEventDescriptionViewModel.swift in Sources */,
				1E21B3AD2A4B184500269411 /* WebViewViewController.swift in Sources */,
				1EDEC23A2A274DFA00339FF9 /* FullEventDescriptionModel.swift in Sources */,
				1E25412A2A5D649300A6E11C /* CoordinatorOutput.swift in Sources */,
				1E9A619D2A5AA72400A1BD18 /* Box.swift in Sources */,
				1E34F8FC2A2CEECD0065DFE7 /* ModuleBuilder.swift in Sources */,
				1EF12A282A5D74CE009A2B2A /* DetailViewCOntroller.swift in Sources */,
				1E34F90C2A2CFEBC0065DFE7 /* SplashPresenter.swift in Sources */,
				1EDEC1FB2A22664400339FF9 /* NewsViewController.swift in Sources */,
				1E21B3AF2A4B185300269411 /* WebViewPresenter.swift in Sources */,
				1EDEC1CC2A21FDE500339FF9 /* Fonts.swift in Sources */,
				1E9A61A82A5AE78600A1BD18 /* CategoriesViewModel.swift in Sources */,
				1E2BBD0F2A37307E00B74613 /* DescriptionCoreDataModel+CoreDataProperties.swift in Sources */,
				1EDEC2042A23AA4200339FF9 /* TabBarNames.swift in Sources */,
				1E34F8FA2A2CEDCF0065DFE7 /* NewsPresenter.swift in Sources */,
				1EDEC1F72A22662600339FF9 /* HistoryViewController.swift in Sources */,
				1EF12A1B2A5D6CC9009A2B2A /* RestaurantsViewController.swift in Sources */,
				1EDEC1FD2A22665000339FF9 /* ProfileViewController.swift in Sources */,
				1EF12A332A5DB001009A2B2A /* AuthCoordinator.swift in Sources */,
				1E2541262A5D63A600A6E11C /* Coordinator.swift in Sources */,
				1EDEC2412A2780F700339FF9 /* ShortEventViewModel.swift in Sources */,
				1E34F9052A2CEFE40065DFE7 /* HistoryPresenter.swift in Sources */,
				1E9A61A52A5AD47900A1BD18 /* AuthViewModel.swift in Sources */,
				1EDEC2322A26422400339FF9 /* UIImageView + Extensions.swift in Sources */,
				1E04295A2A4AF21F009C1268 /* AuthMainView.swift in Sources */,
				1EF12A242A5D74B2009A2B2A /* CatalogCoordinator.swift in Sources */,
				1EDEC20A2A24971200339FF9 /* HelpCategoryViewController.swift in Sources */,
				1EBA91F72A5DB51D00243FFE /* MainTabBarDIContainer.swift in Sources */,
				1EDEC21E2A24AF5400339FF9 /* HelpCategoryCollectionViewCell.swift in Sources */,
				1EAC070D2A5190600088E4AA /* CustomError.swift in Sources */,
				1E2541282A5D640100A6E11C /* BaseCoordinator.swift in Sources */,
				1E34F90E2A2D078B0065DFE7 /* HelpCategoryPresenter.swift in Sources */,
				1E4913AB2A17A92200ABF6B6 /* SplashViewController.swift in Sources */,
				1EDEC2232A25F37500339FF9 /* UIView + Extensions.swift in Sources */,
				1E4913A72A17A92200ABF6B6 /* AppDelegate.swift in Sources */,
				1E9A61AB2A5AEE7100A1BD18 /* HelpCategoryViewModel.swift in Sources */,
				1E4913A92A17A92200ABF6B6 /* SceneDelegate.swift in Sources */,
				1EBA91F52A5DB50E00243FFE /* MainTabBarCoordinator.swift in Sources */,
				1ED9BA3C2A3B1A4A00E0963D /* Queues.swift in Sources */,
				1EDEC2002A22670F00339FF9 /* MainTabBarController.swift in Sources */,
				1EDEC1C02A20A7CF00339FF9 /* CategoriesCollectionViewCell.swift in Sources */,
				1E34F9032A2CEF940065DFE7 /* CategoriesPresenter.swift in Sources */,
				1EDEC2062A23AB7000339FF9 /* Images.swift in Sources */,
				1E9B65B02A35C01C006380D9 /* CoreData.xcdatamodeld in Sources */,
				1E2A203D2A4AC8C900FEF928 /* AuthViewController.swift in Sources */,
				1E34F9012A2CEF3E0065DFE7 /* SearchPresenter.swift in Sources */,
				1E34F9102A2DC4850065DFE7 /* FullEventDescriptionPresenter.swift in Sources */,
				1E34F9072A2CF0140065DFE7 /* ProfilePresenter.swift in Sources */,
				1EF12A1F2A5D6EB2009A2B2A /* MapCoordinator.swift in Sources */,
				1ED9BA3E2A3B583900E0963D /* AlamofireNetworkManager.swift in Sources */,
				1EF12A2A2A5D7988009A2B2A /* MapDIContainer.swift in Sources */,
				1EDEC1AE2A1FB07200339FF9 /* LoadingOverlay.swift in Sources */,
				1E2BE1102A4AFE58007370A0 /* RegistrationMainView.swift in Sources */,
				1EF12A2E2A5D987B009A2B2A /* CatalogDIContrainer.swift in Sources */,
				1EF12A262A5D74C1009A2B2A /* CartViewCOntroller.swift in Sources */,
				1EDEC1AB2A1FA99C00339FF9 /* UIColor+Extensions.swift in Sources */,
				1EDEC2302A263B7400339FF9 /* JSONService.swift in Sources */,
				1E9B65AD2A35B684006380D9 /* CoreDataManager.swift in Sources */,
			);
			runOnlyForDeploymentPostprocessing = 0;
		};
/* End PBXSourcesBuildPhase section */

/* Begin PBXVariantGroup section */
		1E4913B12A17A92700ABF6B6 /* LaunchScreen.storyboard */ = {
			isa = PBXVariantGroup;
			children = (
				1E4913B22A17A92700ABF6B6 /* Base */,
			);
			name = LaunchScreen.storyboard;
			sourceTree = "<group>";
		};
/* End PBXVariantGroup section */

/* Begin XCBuildConfiguration section */
		1E4913B52A17A92700ABF6B6 /* Debug */ = {
			isa = XCBuildConfiguration;
			buildSettings = {
				ALWAYS_SEARCH_USER_PATHS = NO;
				CLANG_ANALYZER_NONNULL = YES;
				CLANG_ANALYZER_NUMBER_OBJECT_CONVERSION = YES_AGGRESSIVE;
				CLANG_CXX_LANGUAGE_STANDARD = "gnu++20";
				CLANG_ENABLE_MODULES = YES;
				CLANG_ENABLE_OBJC_ARC = YES;
				CLANG_ENABLE_OBJC_WEAK = YES;
				CLANG_WARN_BLOCK_CAPTURE_AUTORELEASING = YES;
				CLANG_WARN_BOOL_CONVERSION = YES;
				CLANG_WARN_COMMA = YES;
				CLANG_WARN_CONSTANT_CONVERSION = YES;
				CLANG_WARN_DEPRECATED_OBJC_IMPLEMENTATIONS = YES;
				CLANG_WARN_DIRECT_OBJC_ISA_USAGE = YES_ERROR;
				CLANG_WARN_DOCUMENTATION_COMMENTS = YES;
				CLANG_WARN_EMPTY_BODY = YES;
				CLANG_WARN_ENUM_CONVERSION = YES;
				CLANG_WARN_INFINITE_RECURSION = YES;
				CLANG_WARN_INT_CONVERSION = YES;
				CLANG_WARN_NON_LITERAL_NULL_CONVERSION = YES;
				CLANG_WARN_OBJC_IMPLICIT_RETAIN_SELF = YES;
				CLANG_WARN_OBJC_LITERAL_CONVERSION = YES;
				CLANG_WARN_OBJC_ROOT_CLASS = YES_ERROR;
				CLANG_WARN_QUOTED_INCLUDE_IN_FRAMEWORK_HEADER = YES;
				CLANG_WARN_RANGE_LOOP_ANALYSIS = YES;
				CLANG_WARN_STRICT_PROTOTYPES = YES;
				CLANG_WARN_SUSPICIOUS_MOVE = YES;
				CLANG_WARN_UNGUARDED_AVAILABILITY = YES_AGGRESSIVE;
				CLANG_WARN_UNREACHABLE_CODE = YES;
				CLANG_WARN__DUPLICATE_METHOD_MATCH = YES;
				COPY_PHASE_STRIP = NO;
				DEBUG_INFORMATION_FORMAT = dwarf;
				ENABLE_STRICT_OBJC_MSGSEND = YES;
				ENABLE_TESTABILITY = YES;
				GCC_C_LANGUAGE_STANDARD = gnu11;
				GCC_DYNAMIC_NO_PIC = NO;
				GCC_NO_COMMON_BLOCKS = YES;
				GCC_OPTIMIZATION_LEVEL = 0;
				GCC_PREPROCESSOR_DEFINITIONS = (
					"DEBUG=1",
					"$(inherited)",
				);
				GCC_WARN_64_TO_32_BIT_CONVERSION = YES;
				GCC_WARN_ABOUT_RETURN_TYPE = YES_ERROR;
				GCC_WARN_UNDECLARED_SELECTOR = YES;
				GCC_WARN_UNINITIALIZED_AUTOS = YES_AGGRESSIVE;
				GCC_WARN_UNUSED_FUNCTION = YES;
				GCC_WARN_UNUSED_VARIABLE = YES;
				IPHONEOS_DEPLOYMENT_TARGET = 13.0;
				MTL_ENABLE_DEBUG_INFO = INCLUDE_SOURCE;
				MTL_FAST_MATH = YES;
				ONLY_ACTIVE_ARCH = YES;
				SDKROOT = iphoneos;
				SWIFT_ACTIVE_COMPILATION_CONDITIONS = DEBUG;
				SWIFT_OPTIMIZATION_LEVEL = "-Onone";
			};
			name = Debug;
		};
		1E4913B62A17A92700ABF6B6 /* Release */ = {
			isa = XCBuildConfiguration;
			buildSettings = {
				ALWAYS_SEARCH_USER_PATHS = NO;
				CLANG_ANALYZER_NONNULL = YES;
				CLANG_ANALYZER_NUMBER_OBJECT_CONVERSION = YES_AGGRESSIVE;
				CLANG_CXX_LANGUAGE_STANDARD = "gnu++20";
				CLANG_ENABLE_MODULES = YES;
				CLANG_ENABLE_OBJC_ARC = YES;
				CLANG_ENABLE_OBJC_WEAK = YES;
				CLANG_WARN_BLOCK_CAPTURE_AUTORELEASING = YES;
				CLANG_WARN_BOOL_CONVERSION = YES;
				CLANG_WARN_COMMA = YES;
				CLANG_WARN_CONSTANT_CONVERSION = YES;
				CLANG_WARN_DEPRECATED_OBJC_IMPLEMENTATIONS = YES;
				CLANG_WARN_DIRECT_OBJC_ISA_USAGE = YES_ERROR;
				CLANG_WARN_DOCUMENTATION_COMMENTS = YES;
				CLANG_WARN_EMPTY_BODY = YES;
				CLANG_WARN_ENUM_CONVERSION = YES;
				CLANG_WARN_INFINITE_RECURSION = YES;
				CLANG_WARN_INT_CONVERSION = YES;
				CLANG_WARN_NON_LITERAL_NULL_CONVERSION = YES;
				CLANG_WARN_OBJC_IMPLICIT_RETAIN_SELF = YES;
				CLANG_WARN_OBJC_LITERAL_CONVERSION = YES;
				CLANG_WARN_OBJC_ROOT_CLASS = YES_ERROR;
				CLANG_WARN_QUOTED_INCLUDE_IN_FRAMEWORK_HEADER = YES;
				CLANG_WARN_RANGE_LOOP_ANALYSIS = YES;
				CLANG_WARN_STRICT_PROTOTYPES = YES;
				CLANG_WARN_SUSPICIOUS_MOVE = YES;
				CLANG_WARN_UNGUARDED_AVAILABILITY = YES_AGGRESSIVE;
				CLANG_WARN_UNREACHABLE_CODE = YES;
				CLANG_WARN__DUPLICATE_METHOD_MATCH = YES;
				COPY_PHASE_STRIP = NO;
				DEBUG_INFORMATION_FORMAT = "dwarf-with-dsym";
				ENABLE_NS_ASSERTIONS = NO;
				ENABLE_STRICT_OBJC_MSGSEND = YES;
				GCC_C_LANGUAGE_STANDARD = gnu11;
				GCC_NO_COMMON_BLOCKS = YES;
				GCC_WARN_64_TO_32_BIT_CONVERSION = YES;
				GCC_WARN_ABOUT_RETURN_TYPE = YES_ERROR;
				GCC_WARN_UNDECLARED_SELECTOR = YES;
				GCC_WARN_UNINITIALIZED_AUTOS = YES_AGGRESSIVE;
				GCC_WARN_UNUSED_FUNCTION = YES;
				GCC_WARN_UNUSED_VARIABLE = YES;
				IPHONEOS_DEPLOYMENT_TARGET = 13.0;
				MTL_ENABLE_DEBUG_INFO = NO;
				MTL_FAST_MATH = YES;
				SDKROOT = iphoneos;
				SWIFT_COMPILATION_MODE = wholemodule;
				SWIFT_OPTIMIZATION_LEVEL = "-O";
				VALIDATE_PRODUCT = YES;
			};
			name = Release;
		};
		1E4913B82A17A92700ABF6B6 /* Debug */ = {
			isa = XCBuildConfiguration;
			baseConfigurationReference = 6A20C710CD9A151A63C120CD /* Pods-Block1.debug.xcconfig */;
			buildSettings = {
				ASSETCATALOG_COMPILER_APPICON_NAME = AppIcon;
				ASSETCATALOG_COMPILER_GLOBAL_ACCENT_COLOR_NAME = AccentColor;
				CODE_SIGN_STYLE = Automatic;
				CURRENT_PROJECT_VERSION = 1;
				DEVELOPMENT_TEAM = F39TQUV5PU;
				GENERATE_INFOPLIST_FILE = YES;
				INFOPLIST_FILE = Block1/Applications/Info.plist;
				INFOPLIST_KEY_CFBundleDisplayName = "Хочу помочь";
				INFOPLIST_KEY_UIApplicationSupportsIndirectInputEvents = YES;
				INFOPLIST_KEY_UILaunchStoryboardName = LaunchScreen;
				INFOPLIST_KEY_UIStatusBarStyle = "";
				INFOPLIST_KEY_UISupportedInterfaceOrientations_iPad = "UIInterfaceOrientationPortrait UIInterfaceOrientationPortraitUpsideDown UIInterfaceOrientationLandscapeLeft UIInterfaceOrientationLandscapeRight";
				INFOPLIST_KEY_UISupportedInterfaceOrientations_iPhone = "UIInterfaceOrientationPortrait UIInterfaceOrientationLandscapeLeft UIInterfaceOrientationLandscapeRight";
				IPHONEOS_DEPLOYMENT_TARGET = 13.0;
				LD_RUNPATH_SEARCH_PATHS = (
					"$(inherited)",
					"@executable_path/Frameworks",
				);
				MARKETING_VERSION = 1.0;
				PRODUCT_BUNDLE_IDENTIFIER = Gold.Block1;
				PRODUCT_NAME = "$(TARGET_NAME)";
				SWIFT_EMIT_LOC_STRINGS = YES;
				SWIFT_VERSION = 5.0;
				TARGETED_DEVICE_FAMILY = "1,2";
			};
			name = Debug;
		};
		1E4913B92A17A92700ABF6B6 /* Release */ = {
			isa = XCBuildConfiguration;
			baseConfigurationReference = 8DD254E81BD3387B0EFC8003 /* Pods-Block1.release.xcconfig */;
			buildSettings = {
				ASSETCATALOG_COMPILER_APPICON_NAME = AppIcon;
				ASSETCATALOG_COMPILER_GLOBAL_ACCENT_COLOR_NAME = AccentColor;
				CODE_SIGN_STYLE = Automatic;
				CURRENT_PROJECT_VERSION = 1;
				DEVELOPMENT_TEAM = F39TQUV5PU;
				GENERATE_INFOPLIST_FILE = YES;
				INFOPLIST_FILE = Block1/Applications/Info.plist;
				INFOPLIST_KEY_CFBundleDisplayName = "Хочу помочь";
				INFOPLIST_KEY_UIApplicationSupportsIndirectInputEvents = YES;
				INFOPLIST_KEY_UILaunchStoryboardName = LaunchScreen;
				INFOPLIST_KEY_UIStatusBarStyle = "";
				INFOPLIST_KEY_UISupportedInterfaceOrientations_iPad = "UIInterfaceOrientationPortrait UIInterfaceOrientationPortraitUpsideDown UIInterfaceOrientationLandscapeLeft UIInterfaceOrientationLandscapeRight";
				INFOPLIST_KEY_UISupportedInterfaceOrientations_iPhone = "UIInterfaceOrientationPortrait UIInterfaceOrientationLandscapeLeft UIInterfaceOrientationLandscapeRight";
				IPHONEOS_DEPLOYMENT_TARGET = 13.0;
				LD_RUNPATH_SEARCH_PATHS = (
					"$(inherited)",
					"@executable_path/Frameworks",
				);
				MARKETING_VERSION = 1.0;
				PRODUCT_BUNDLE_IDENTIFIER = Gold.Block1;
				PRODUCT_NAME = "$(TARGET_NAME)";
				SWIFT_EMIT_LOC_STRINGS = YES;
				SWIFT_VERSION = 5.0;
				TARGETED_DEVICE_FAMILY = "1,2";
			};
			name = Release;
		};
/* End XCBuildConfiguration section */

/* Begin XCConfigurationList section */
		1E49139E2A17A92100ABF6B6 /* Build configuration list for PBXProject "Block1" */ = {
			isa = XCConfigurationList;
			buildConfigurations = (
				1E4913B52A17A92700ABF6B6 /* Debug */,
				1E4913B62A17A92700ABF6B6 /* Release */,
			);
			defaultConfigurationIsVisible = 0;
			defaultConfigurationName = Release;
		};
		1E4913B72A17A92700ABF6B6 /* Build configuration list for PBXNativeTarget "Block1" */ = {
			isa = XCConfigurationList;
			buildConfigurations = (
				1E4913B82A17A92700ABF6B6 /* Debug */,
				1E4913B92A17A92700ABF6B6 /* Release */,
			);
			defaultConfigurationIsVisible = 0;
			defaultConfigurationName = Release;
		};
/* End XCConfigurationList section */

/* Begin XCVersionGroup section */
		1E9B65AE2A35C01C006380D9 /* CoreData.xcdatamodeld */ = {
			isa = XCVersionGroup;
			children = (
				1E9B65AF2A35C01C006380D9 /* CoreData.xcdatamodel */,
			);
			currentVersion = 1E9B65AF2A35C01C006380D9 /* CoreData.xcdatamodel */;
			path = CoreData.xcdatamodeld;
			sourceTree = "<group>";
			versionGroupType = wrapper.xcdatamodel;
		};
/* End XCVersionGroup section */
	};
	rootObject = 1E49139B2A17A92100ABF6B6 /* Project object */;
}
