// !$*UTF8*$!
{
	archiveVersion = 1;
	classes = {
	};
	objectVersion = 56;
	objects = {

/* Begin PBXBuildFile section */
		1E1142F375822E55561F9695 /* Pods_Block1.framework in Frameworks */ = {isa = PBXBuildFile; fileRef = A634B7E3463693E8FE9E048F /* Pods_Block1.framework */; };
		1E4913A72A17A92200ABF6B6 /* AppDelegate.swift in Sources */ = {isa = PBXBuildFile; fileRef = 1E4913A62A17A92200ABF6B6 /* AppDelegate.swift */; };
		1E4913A92A17A92200ABF6B6 /* SceneDelegate.swift in Sources */ = {isa = PBXBuildFile; fileRef = 1E4913A82A17A92200ABF6B6 /* SceneDelegate.swift */; };
		1E4913AB2A17A92200ABF6B6 /* SplashViewController.swift in Sources */ = {isa = PBXBuildFile; fileRef = 1E4913AA2A17A92200ABF6B6 /* SplashViewController.swift */; };
		1E4913B02A17A92700ABF6B6 /* Assets.xcassets in Resources */ = {isa = PBXBuildFile; fileRef = 1E4913AF2A17A92700ABF6B6 /* Assets.xcassets */; };
		1E4913B32A17A92700ABF6B6 /* LaunchScreen.storyboard in Resources */ = {isa = PBXBuildFile; fileRef = 1E4913B12A17A92700ABF6B6 /* LaunchScreen.storyboard */; };
		1EDEC1A62A1F9D6700339FF9 /* sf-ui-text-regular.ttf in Resources */ = {isa = PBXBuildFile; fileRef = 1EDEC1A52A1F9D6700339FF9 /* sf-ui-text-regular.ttf */; };
		1EDEC1AB2A1FA99C00339FF9 /* UIColor+Extensions.swift in Sources */ = {isa = PBXBuildFile; fileRef = 1EDEC1AA2A1FA99C00339FF9 /* UIColor+Extensions.swift */; };
		1EDEC1AE2A1FB07200339FF9 /* LoadingOverlay.swift in Sources */ = {isa = PBXBuildFile; fileRef = 1EDEC1AD2A1FB07200339FF9 /* LoadingOverlay.swift */; };
		1EDEC1B02A1FB17E00339FF9 /* CategoriesViewController.swift in Sources */ = {isa = PBXBuildFile; fileRef = 1EDEC1AF2A1FB17E00339FF9 /* CategoriesViewController.swift */; };
		1EDEC1C02A20A7CF00339FF9 /* CategoriesCollectionViewCell.swift in Sources */ = {isa = PBXBuildFile; fileRef = 1EDEC1BF2A20A7CF00339FF9 /* CategoriesCollectionViewCell.swift */; };
		1EDEC1C32A20A9E700339FF9 /* CategoryModel.swift in Sources */ = {isa = PBXBuildFile; fileRef = 1EDEC1C22A20A9E700339FF9 /* CategoryModel.swift */; };
		1EDEC1CC2A21FDE500339FF9 /* Fonts.swift in Sources */ = {isa = PBXBuildFile; fileRef = 1EDEC1CB2A21FDE500339FF9 /* Fonts.swift */; };
		1EDEC1D22A22014300339FF9 /* OfficinaSans-ExtraBold.ttf in Resources */ = {isa = PBXBuildFile; fileRef = 1EDEC1D12A22014300339FF9 /* OfficinaSans-ExtraBold.ttf */; };
		1EDEC1F72A22662600339FF9 /* HistoryViewController.swift in Sources */ = {isa = PBXBuildFile; fileRef = 1EDEC1F62A22662600339FF9 /* HistoryViewController.swift */; };
		1EDEC1F92A22663100339FF9 /* SearchViewController.swift in Sources */ = {isa = PBXBuildFile; fileRef = 1EDEC1F82A22663100339FF9 /* SearchViewController.swift */; };
		1EDEC1FB2A22664400339FF9 /* NewsViewController.swift in Sources */ = {isa = PBXBuildFile; fileRef = 1EDEC1FA2A22664400339FF9 /* NewsViewController.swift */; };
		1EDEC1FD2A22665000339FF9 /* ProfileViewController.swift in Sources */ = {isa = PBXBuildFile; fileRef = 1EDEC1FC2A22665000339FF9 /* ProfileViewController.swift */; };
		1EDEC2002A22670F00339FF9 /* MainTabBarController.swift in Sources */ = {isa = PBXBuildFile; fileRef = 1EDEC1FF2A22670F00339FF9 /* MainTabBarController.swift */; };
		1EDEC2042A23AA4200339FF9 /* TabBarNames.swift in Sources */ = {isa = PBXBuildFile; fileRef = 1EDEC2032A23AA4100339FF9 /* TabBarNames.swift */; };
		1EDEC2062A23AB7000339FF9 /* Images.swift in Sources */ = {isa = PBXBuildFile; fileRef = 1EDEC2052A23AB7000339FF9 /* Images.swift */; };
		1EDEC20A2A24971200339FF9 /* ChildsViewController.swift in Sources */ = {isa = PBXBuildFile; fileRef = 1EDEC2092A24971200339FF9 /* ChildsViewController.swift */; };
		1EDEC2132A24A00500339FF9 /* AdultViewController.swift in Sources */ = {isa = PBXBuildFile; fileRef = 1EDEC2122A24A00500339FF9 /* AdultViewController.swift */; };
		1EDEC2152A24A00E00339FF9 /* ElderlyViewController.swift in Sources */ = {isa = PBXBuildFile; fileRef = 1EDEC2142A24A00E00339FF9 /* ElderlyViewController.swift */; };
		1EDEC2172A24A01600339FF9 /* AnimalsViewController.swift in Sources */ = {isa = PBXBuildFile; fileRef = 1EDEC2162A24A01600339FF9 /* AnimalsViewController.swift */; };
		1EDEC2192A24A01D00339FF9 /* EventsViewController.swift in Sources */ = {isa = PBXBuildFile; fileRef = 1EDEC2182A24A01D00339FF9 /* EventsViewController.swift */; };
		1EDEC21B2A24A80300339FF9 /* sf-ui-text-medium.ttf in Resources */ = {isa = PBXBuildFile; fileRef = 1EDEC21A2A24A80300339FF9 /* sf-ui-text-medium.ttf */; };
		1EDEC21E2A24AF5400339FF9 /* ChildsCollectionViewCell.swift in Sources */ = {isa = PBXBuildFile; fileRef = 1EDEC21D2A24AF5400339FF9 /* ChildsCollectionViewCell.swift */; };
		1EDEC2212A24C74B00339FF9 /* FullEventDescriptionVC.swift in Sources */ = {isa = PBXBuildFile; fileRef = 1EDEC2202A24C74B00339FF9 /* FullEventDescriptionVC.swift */; };
		1EDEC2232A25F37500339FF9 /* UIView + Extensions.swift in Sources */ = {isa = PBXBuildFile; fileRef = 1EDEC2222A25F37500339FF9 /* UIView + Extensions.swift */; };
		1EDEC2262A25F94B00339FF9 /* BottomButtonsView.swift in Sources */ = {isa = PBXBuildFile; fileRef = 1EDEC2252A25F94B00339FF9 /* BottomButtonsView.swift */; };
		1EDEC2282A25FCEB00339FF9 /* BottomParticipantsView.swift in Sources */ = {isa = PBXBuildFile; fileRef = 1EDEC2272A25FCEB00339FF9 /* BottomParticipantsView.swift */; };
		1EDEC22A2A25FE4E00339FF9 /* FullEventDescriptionMainView.swift in Sources */ = {isa = PBXBuildFile; fileRef = 1EDEC2292A25FE4E00339FF9 /* FullEventDescriptionMainView.swift */; };
/* End PBXBuildFile section */

/* Begin PBXFileReference section */
		1E4913A32A17A92200ABF6B6 /* Block1.app */ = {isa = PBXFileReference; explicitFileType = wrapper.application; includeInIndex = 0; path = Block1.app; sourceTree = BUILT_PRODUCTS_DIR; };
		1E4913A62A17A92200ABF6B6 /* AppDelegate.swift */ = {isa = PBXFileReference; lastKnownFileType = sourcecode.swift; path = AppDelegate.swift; sourceTree = "<group>"; };
		1E4913A82A17A92200ABF6B6 /* SceneDelegate.swift */ = {isa = PBXFileReference; lastKnownFileType = sourcecode.swift; path = SceneDelegate.swift; sourceTree = "<group>"; };
		1E4913AA2A17A92200ABF6B6 /* SplashViewController.swift */ = {isa = PBXFileReference; lastKnownFileType = sourcecode.swift; path = SplashViewController.swift; sourceTree = "<group>"; };
		1E4913AF2A17A92700ABF6B6 /* Assets.xcassets */ = {isa = PBXFileReference; lastKnownFileType = folder.assetcatalog; path = Assets.xcassets; sourceTree = "<group>"; };
		1E4913B22A17A92700ABF6B6 /* Base */ = {isa = PBXFileReference; lastKnownFileType = file.storyboard; name = Base; path = Base.lproj/LaunchScreen.storyboard; sourceTree = "<group>"; };
		1E4913B42A17A92700ABF6B6 /* Info.plist */ = {isa = PBXFileReference; lastKnownFileType = text.plist.xml; path = Info.plist; sourceTree = "<group>"; };
		1EDEC1A52A1F9D6700339FF9 /* sf-ui-text-regular.ttf */ = {isa = PBXFileReference; lastKnownFileType = file; path = "sf-ui-text-regular.ttf"; sourceTree = "<group>"; };
		1EDEC1AA2A1FA99C00339FF9 /* UIColor+Extensions.swift */ = {isa = PBXFileReference; lastKnownFileType = sourcecode.swift; path = "UIColor+Extensions.swift"; sourceTree = "<group>"; };
		1EDEC1AD2A1FB07200339FF9 /* LoadingOverlay.swift */ = {isa = PBXFileReference; fileEncoding = 4; lastKnownFileType = sourcecode.swift; path = LoadingOverlay.swift; sourceTree = "<group>"; };
		1EDEC1AF2A1FB17E00339FF9 /* CategoriesViewController.swift */ = {isa = PBXFileReference; lastKnownFileType = sourcecode.swift; path = CategoriesViewController.swift; sourceTree = "<group>"; };
		1EDEC1BF2A20A7CF00339FF9 /* CategoriesCollectionViewCell.swift */ = {isa = PBXFileReference; lastKnownFileType = sourcecode.swift; path = CategoriesCollectionViewCell.swift; sourceTree = "<group>"; };
		1EDEC1C22A20A9E700339FF9 /* CategoryModel.swift */ = {isa = PBXFileReference; lastKnownFileType = sourcecode.swift; path = CategoryModel.swift; sourceTree = "<group>"; };
		1EDEC1CB2A21FDE500339FF9 /* Fonts.swift */ = {isa = PBXFileReference; lastKnownFileType = sourcecode.swift; path = Fonts.swift; sourceTree = "<group>"; };
		1EDEC1D12A22014300339FF9 /* OfficinaSans-ExtraBold.ttf */ = {isa = PBXFileReference; lastKnownFileType = file; path = "OfficinaSans-ExtraBold.ttf"; sourceTree = "<group>"; };
		1EDEC1F62A22662600339FF9 /* HistoryViewController.swift */ = {isa = PBXFileReference; lastKnownFileType = sourcecode.swift; path = HistoryViewController.swift; sourceTree = "<group>"; };
		1EDEC1F82A22663100339FF9 /* SearchViewController.swift */ = {isa = PBXFileReference; lastKnownFileType = sourcecode.swift; path = SearchViewController.swift; sourceTree = "<group>"; };
		1EDEC1FA2A22664400339FF9 /* NewsViewController.swift */ = {isa = PBXFileReference; lastKnownFileType = sourcecode.swift; path = NewsViewController.swift; sourceTree = "<group>"; };
		1EDEC1FC2A22665000339FF9 /* ProfileViewController.swift */ = {isa = PBXFileReference; lastKnownFileType = sourcecode.swift; path = ProfileViewController.swift; sourceTree = "<group>"; };
		1EDEC1FF2A22670F00339FF9 /* MainTabBarController.swift */ = {isa = PBXFileReference; lastKnownFileType = sourcecode.swift; path = MainTabBarController.swift; sourceTree = "<group>"; };
		1EDEC2032A23AA4100339FF9 /* TabBarNames.swift */ = {isa = PBXFileReference; lastKnownFileType = sourcecode.swift; path = TabBarNames.swift; sourceTree = "<group>"; };
		1EDEC2052A23AB7000339FF9 /* Images.swift */ = {isa = PBXFileReference; lastKnownFileType = sourcecode.swift; path = Images.swift; sourceTree = "<group>"; };
		1EDEC2092A24971200339FF9 /* ChildsViewController.swift */ = {isa = PBXFileReference; lastKnownFileType = sourcecode.swift; path = ChildsViewController.swift; sourceTree = "<group>"; };
		1EDEC2122A24A00500339FF9 /* AdultViewController.swift */ = {isa = PBXFileReference; lastKnownFileType = sourcecode.swift; path = AdultViewController.swift; sourceTree = "<group>"; };
		1EDEC2142A24A00E00339FF9 /* ElderlyViewController.swift */ = {isa = PBXFileReference; lastKnownFileType = sourcecode.swift; path = ElderlyViewController.swift; sourceTree = "<group>"; };
		1EDEC2162A24A01600339FF9 /* AnimalsViewController.swift */ = {isa = PBXFileReference; lastKnownFileType = sourcecode.swift; path = AnimalsViewController.swift; sourceTree = "<group>"; };
		1EDEC2182A24A01D00339FF9 /* EventsViewController.swift */ = {isa = PBXFileReference; lastKnownFileType = sourcecode.swift; path = EventsViewController.swift; sourceTree = "<group>"; };
		1EDEC21A2A24A80300339FF9 /* sf-ui-text-medium.ttf */ = {isa = PBXFileReference; lastKnownFileType = file; path = "sf-ui-text-medium.ttf"; sourceTree = "<group>"; };
		1EDEC21D2A24AF5400339FF9 /* ChildsCollectionViewCell.swift */ = {isa = PBXFileReference; lastKnownFileType = sourcecode.swift; path = ChildsCollectionViewCell.swift; sourceTree = "<group>"; };
		1EDEC2202A24C74B00339FF9 /* FullEventDescriptionVC.swift */ = {isa = PBXFileReference; lastKnownFileType = sourcecode.swift; path = FullEventDescriptionVC.swift; sourceTree = "<group>"; };
		1EDEC2222A25F37500339FF9 /* UIView + Extensions.swift */ = {isa = PBXFileReference; lastKnownFileType = sourcecode.swift; path = "UIView + Extensions.swift"; sourceTree = "<group>"; };
		1EDEC2252A25F94B00339FF9 /* BottomButtonsView.swift */ = {isa = PBXFileReference; lastKnownFileType = sourcecode.swift; path = BottomButtonsView.swift; sourceTree = "<group>"; };
		1EDEC2272A25FCEB00339FF9 /* BottomParticipantsView.swift */ = {isa = PBXFileReference; lastKnownFileType = sourcecode.swift; path = BottomParticipantsView.swift; sourceTree = "<group>"; };
		1EDEC2292A25FE4E00339FF9 /* FullEventDescriptionMainView.swift */ = {isa = PBXFileReference; lastKnownFileType = sourcecode.swift; path = FullEventDescriptionMainView.swift; sourceTree = "<group>"; };
		6A20C710CD9A151A63C120CD /* Pods-Block1.debug.xcconfig */ = {isa = PBXFileReference; includeInIndex = 1; lastKnownFileType = text.xcconfig; name = "Pods-Block1.debug.xcconfig"; path = "Target Support Files/Pods-Block1/Pods-Block1.debug.xcconfig"; sourceTree = "<group>"; };
		8DD254E81BD3387B0EFC8003 /* Pods-Block1.release.xcconfig */ = {isa = PBXFileReference; includeInIndex = 1; lastKnownFileType = text.xcconfig; name = "Pods-Block1.release.xcconfig"; path = "Target Support Files/Pods-Block1/Pods-Block1.release.xcconfig"; sourceTree = "<group>"; };
		A634B7E3463693E8FE9E048F /* Pods_Block1.framework */ = {isa = PBXFileReference; explicitFileType = wrapper.framework; includeInIndex = 0; path = Pods_Block1.framework; sourceTree = BUILT_PRODUCTS_DIR; };
/* End PBXFileReference section */

/* Begin PBXFrameworksBuildPhase section */
		1E4913A02A17A92200ABF6B6 /* Frameworks */ = {
			isa = PBXFrameworksBuildPhase;
			buildActionMask = 2147483647;
			files = (
				1E1142F375822E55561F9695 /* Pods_Block1.framework in Frameworks */,
			);
			runOnlyForDeploymentPostprocessing = 0;
		};
/* End PBXFrameworksBuildPhase section */

/* Begin PBXGroup section */
		1E49139A2A17A92100ABF6B6 = {
			isa = PBXGroup;
			children = (
				1E4913A52A17A92200ABF6B6 /* Block1 */,
				1E4913A42A17A92200ABF6B6 /* Products */,
				FB9AC1B155CD35FDCE5A32E2 /* Pods */,
				4649130639467E1461E5C18C /* Frameworks */,
			);
			sourceTree = "<group>";
		};
		1E4913A42A17A92200ABF6B6 /* Products */ = {
			isa = PBXGroup;
			children = (
				1E4913A32A17A92200ABF6B6 /* Block1.app */,
			);
			name = Products;
			sourceTree = "<group>";
		};
		1E4913A52A17A92200ABF6B6 /* Block1 */ = {
			isa = PBXGroup;
			children = (
				1EDEC1B12A20999A00339FF9 /* Modules */,
				1E4913BB2A17A9D400ABF6B6 /* Applications */,
				1EDEC1C92A21FDC900339FF9 /* Common */,
			);
			path = Block1;
			sourceTree = "<group>";
		};
		1E4913BB2A17A9D400ABF6B6 /* Applications */ = {
			isa = PBXGroup;
			children = (
				1E4913A62A17A92200ABF6B6 /* AppDelegate.swift */,
				1E4913A82A17A92200ABF6B6 /* SceneDelegate.swift */,
				1E4913AF2A17A92700ABF6B6 /* Assets.xcassets */,
				1E4913B12A17A92700ABF6B6 /* LaunchScreen.storyboard */,
				1E4913B42A17A92700ABF6B6 /* Info.plist */,
			);
			path = Applications;
			sourceTree = "<group>";
		};
		1EDEC1A12A1F9CF500339FF9 /* Fonts */ = {
			isa = PBXGroup;
			children = (
				1EDEC1A52A1F9D6700339FF9 /* sf-ui-text-regular.ttf */,
				1EDEC21A2A24A80300339FF9 /* sf-ui-text-medium.ttf */,
				1EDEC1D12A22014300339FF9 /* OfficinaSans-ExtraBold.ttf */,
			);
			path = Fonts;
			sourceTree = "<group>";
		};
		1EDEC1A72A1FA96C00339FF9 /* Extensions */ = {
			isa = PBXGroup;
			children = (
				1EDEC1AA2A1FA99C00339FF9 /* UIColor+Extensions.swift */,
				1EDEC2222A25F37500339FF9 /* UIView + Extensions.swift */,
			);
			path = Extensions;
			sourceTree = "<group>";
		};
		1EDEC1AC2A1FB06300339FF9 /* Loader */ = {
			isa = PBXGroup;
			children = (
				1EDEC1AD2A1FB07200339FF9 /* LoadingOverlay.swift */,
			);
			path = Loader;
			sourceTree = "<group>";
		};
		1EDEC1B12A20999A00339FF9 /* Modules */ = {
			isa = PBXGroup;
			children = (
				1EDEC1FE2A2266FC00339FF9 /* MainTabBar */,
				1EDEC1B22A2099A200339FF9 /* Splash */,
				1EDEC1EE2A2265C200339FF9 /* News */,
				1EDEC1F52A22660600339FF9 /* Search */,
				1EDEC1B52A20A0D100339FF9 /* Categories */,
				1EDEC2112A249FE000339FF9 /* CategoryItems */,
				1EDEC1F42A2265F500339FF9 /* History */,
				1EDEC1F32A2265E200339FF9 /* Profile */,
			);
			path = Modules;
			sourceTree = "<group>";
		};
		1EDEC1B22A2099A200339FF9 /* Splash */ = {
			isa = PBXGroup;
			children = (
				1E4913AA2A17A92200ABF6B6 /* SplashViewController.swift */,
			);
			path = Splash;
			sourceTree = "<group>";
		};
		1EDEC1B52A20A0D100339FF9 /* Categories */ = {
			isa = PBXGroup;
			children = (
				1EDEC1C12A20A9D200339FF9 /* Models */,
				1EDEC1BE2A20A7AF00339FF9 /* Cells */,
				1EDEC1AF2A1FB17E00339FF9 /* CategoriesViewController.swift */,
			);
			path = Categories;
			sourceTree = "<group>";
		};
		1EDEC1BE2A20A7AF00339FF9 /* Cells */ = {
			isa = PBXGroup;
			children = (
				1EDEC1BF2A20A7CF00339FF9 /* CategoriesCollectionViewCell.swift */,
			);
			path = Cells;
			sourceTree = "<group>";
		};
		1EDEC1C12A20A9D200339FF9 /* Models */ = {
			isa = PBXGroup;
			children = (
				1EDEC1C22A20A9E700339FF9 /* CategoryModel.swift */,
			);
			path = Models;
			sourceTree = "<group>";
		};
		1EDEC1C92A21FDC900339FF9 /* Common */ = {
			isa = PBXGroup;
			children = (
				1EDEC1CA2A21FDCF00339FF9 /* Enums */,
				1EDEC1A12A1F9CF500339FF9 /* Fonts */,
				1EDEC1A72A1FA96C00339FF9 /* Extensions */,
				1EDEC1AC2A1FB06300339FF9 /* Loader */,
			);
			path = Common;
			sourceTree = "<group>";
		};
		1EDEC1CA2A21FDCF00339FF9 /* Enums */ = {
			isa = PBXGroup;
			children = (
				1EDEC1CB2A21FDE500339FF9 /* Fonts.swift */,
				1EDEC2032A23AA4100339FF9 /* TabBarNames.swift */,
				1EDEC2052A23AB7000339FF9 /* Images.swift */,
			);
			path = Enums;
			sourceTree = "<group>";
		};
		1EDEC1EE2A2265C200339FF9 /* News */ = {
			isa = PBXGroup;
			children = (
				1EDEC1FA2A22664400339FF9 /* NewsViewController.swift */,
			);
			path = News;
			sourceTree = "<group>";
		};
		1EDEC1F32A2265E200339FF9 /* Profile */ = {
			isa = PBXGroup;
			children = (
				1EDEC1FC2A22665000339FF9 /* ProfileViewController.swift */,
			);
			path = Profile;
			sourceTree = "<group>";
		};
		1EDEC1F42A2265F500339FF9 /* History */ = {
			isa = PBXGroup;
			children = (
				1EDEC1F62A22662600339FF9 /* HistoryViewController.swift */,
			);
			path = History;
			sourceTree = "<group>";
		};
		1EDEC1F52A22660600339FF9 /* Search */ = {
			isa = PBXGroup;
			children = (
				1EDEC1F82A22663100339FF9 /* SearchViewController.swift */,
			);
			path = Search;
			sourceTree = "<group>";
		};
		1EDEC1FE2A2266FC00339FF9 /* MainTabBar */ = {
			isa = PBXGroup;
			children = (
				1EDEC1FF2A22670F00339FF9 /* MainTabBarController.swift */,
			);
			path = MainTabBar;
			sourceTree = "<group>";
		};
		1EDEC2082A2496F100339FF9 /* Childs */ = {
			isa = PBXGroup;
			children = (
				1EDEC2092A24971200339FF9 /* ChildsViewController.swift */,
				1EDEC21C2A24AF3C00339FF9 /* Cells */,
			);
			path = Childs;
			sourceTree = "<group>";
		};
		1EDEC20D2A249F9E00339FF9 /* Adult */ = {
			isa = PBXGroup;
			children = (
				1EDEC2122A24A00500339FF9 /* AdultViewController.swift */,
			);
			path = Adult;
			sourceTree = "<group>";
		};
		1EDEC20E2A249FA800339FF9 /* Elderly */ = {
			isa = PBXGroup;
			children = (
				1EDEC2142A24A00E00339FF9 /* ElderlyViewController.swift */,
			);
			path = Elderly;
			sourceTree = "<group>";
		};
		1EDEC20F2A249FB300339FF9 /* Animals */ = {
			isa = PBXGroup;
			children = (
				1EDEC2162A24A01600339FF9 /* AnimalsViewController.swift */,
			);
			path = Animals;
			sourceTree = "<group>";
		};
		1EDEC2102A249FBC00339FF9 /* Events */ = {
			isa = PBXGroup;
			children = (
				1EDEC2182A24A01D00339FF9 /* EventsViewController.swift */,
			);
			path = Events;
			sourceTree = "<group>";
		};
		1EDEC2112A249FE000339FF9 /* CategoryItems */ = {
			isa = PBXGroup;
			children = (
				1EDEC2082A2496F100339FF9 /* Childs */,
				1EDEC21F2A24C72700339FF9 /* FullEventDescription */,
				1EDEC20D2A249F9E00339FF9 /* Adult */,
				1EDEC20E2A249FA800339FF9 /* Elderly */,
				1EDEC20F2A249FB300339FF9 /* Animals */,
				1EDEC2102A249FBC00339FF9 /* Events */,
			);
			path = CategoryItems;
			sourceTree = "<group>";
		};
		1EDEC21C2A24AF3C00339FF9 /* Cells */ = {
			isa = PBXGroup;
			children = (
				1EDEC21D2A24AF5400339FF9 /* ChildsCollectionViewCell.swift */,
			);
			path = Cells;
			sourceTree = "<group>";
		};
		1EDEC21F2A24C72700339FF9 /* FullEventDescription */ = {
			isa = PBXGroup;
			children = (
				1EDEC2242A25F92600339FF9 /* Views */,
				1EDEC2202A24C74B00339FF9 /* FullEventDescriptionVC.swift */,
			);
			path = FullEventDescription;
			sourceTree = "<group>";
		};
		1EDEC2242A25F92600339FF9 /* Views */ = {
			isa = PBXGroup;
			children = (
				1EDEC2252A25F94B00339FF9 /* BottomButtonsView.swift */,
				1EDEC2272A25FCEB00339FF9 /* BottomParticipantsView.swift */,
				1EDEC2292A25FE4E00339FF9 /* FullEventDescriptionMainView.swift */,
			);
			path = Views;
			sourceTree = "<group>";
		};
		4649130639467E1461E5C18C /* Frameworks */ = {
			isa = PBXGroup;
			children = (
				A634B7E3463693E8FE9E048F /* Pods_Block1.framework */,
			);
			name = Frameworks;
			sourceTree = "<group>";
		};
		FB9AC1B155CD35FDCE5A32E2 /* Pods */ = {
			isa = PBXGroup;
			children = (
				6A20C710CD9A151A63C120CD /* Pods-Block1.debug.xcconfig */,
				8DD254E81BD3387B0EFC8003 /* Pods-Block1.release.xcconfig */,
			);
			path = Pods;
			sourceTree = "<group>";
		};
/* End PBXGroup section */

/* Begin PBXNativeTarget section */
		1E4913A22A17A92200ABF6B6 /* Block1 */ = {
			isa = PBXNativeTarget;
			buildConfigurationList = 1E4913B72A17A92700ABF6B6 /* Build configuration list for PBXNativeTarget "Block1" */;
			buildPhases = (
				A91BF8E1161B0855E4366D6B /* [CP] Check Pods Manifest.lock */,
				1E49139F2A17A92200ABF6B6 /* Sources */,
				1E4913A02A17A92200ABF6B6 /* Frameworks */,
				1E4913A12A17A92200ABF6B6 /* Resources */,
				17AAC9137DF9A8E5BDF3C645 /* [CP] Embed Pods Frameworks */,
			);
			buildRules = (
			);
			dependencies = (
			);
			name = Block1;
			productName = Block1;
			productReference = 1E4913A32A17A92200ABF6B6 /* Block1.app */;
			productType = "com.apple.product-type.application";
		};
/* End PBXNativeTarget section */

/* Begin PBXProject section */
		1E49139B2A17A92100ABF6B6 /* Project object */ = {
			isa = PBXProject;
			attributes = {
				BuildIndependentTargetsInParallel = 1;
				LastSwiftUpdateCheck = 1420;
				LastUpgradeCheck = 1420;
				TargetAttributes = {
					1E4913A22A17A92200ABF6B6 = {
						CreatedOnToolsVersion = 14.2;
					};
				};
			};
			buildConfigurationList = 1E49139E2A17A92100ABF6B6 /* Build configuration list for PBXProject "Block1" */;
			compatibilityVersion = "Xcode 14.0";
			developmentRegion = en;
			hasScannedForEncodings = 0;
			knownRegions = (
				en,
				Base,
			);
			mainGroup = 1E49139A2A17A92100ABF6B6;
			productRefGroup = 1E4913A42A17A92200ABF6B6 /* Products */;
			projectDirPath = "";
			projectRoot = "";
			targets = (
				1E4913A22A17A92200ABF6B6 /* Block1 */,
			);
		};
/* End PBXProject section */

/* Begin PBXResourcesBuildPhase section */
		1E4913A12A17A92200ABF6B6 /* Resources */ = {
			isa = PBXResourcesBuildPhase;
			buildActionMask = 2147483647;
			files = (
				1EDEC1D22A22014300339FF9 /* OfficinaSans-ExtraBold.ttf in Resources */,
				1E4913B32A17A92700ABF6B6 /* LaunchScreen.storyboard in Resources */,
				1EDEC21B2A24A80300339FF9 /* sf-ui-text-medium.ttf in Resources */,
				1EDEC1A62A1F9D6700339FF9 /* sf-ui-text-regular.ttf in Resources */,
				1E4913B02A17A92700ABF6B6 /* Assets.xcassets in Resources */,
			);
			runOnlyForDeploymentPostprocessing = 0;
		};
/* End PBXResourcesBuildPhase section */

/* Begin PBXShellScriptBuildPhase section */
		17AAC9137DF9A8E5BDF3C645 /* [CP] Embed Pods Frameworks */ = {
			isa = PBXShellScriptBuildPhase;
			buildActionMask = 2147483647;
			files = (
			);
			inputFileListPaths = (
				"${PODS_ROOT}/Target Support Files/Pods-Block1/Pods-Block1-frameworks-${CONFIGURATION}-input-files.xcfilelist",
			);
			name = "[CP] Embed Pods Frameworks";
			outputFileListPaths = (
				"${PODS_ROOT}/Target Support Files/Pods-Block1/Pods-Block1-frameworks-${CONFIGURATION}-output-files.xcfilelist",
			);
			runOnlyForDeploymentPostprocessing = 0;
			shellPath = /bin/sh;
			shellScript = "\"${PODS_ROOT}/Target Support Files/Pods-Block1/Pods-Block1-frameworks.sh\"\n";
			showEnvVarsInLog = 0;
		};
		A91BF8E1161B0855E4366D6B /* [CP] Check Pods Manifest.lock */ = {
			isa = PBXShellScriptBuildPhase;
			buildActionMask = 2147483647;
			files = (
			);
			inputFileListPaths = (
			);
			inputPaths = (
				"${PODS_PODFILE_DIR_PATH}/Podfile.lock",
				"${PODS_ROOT}/Manifest.lock",
			);
			name = "[CP] Check Pods Manifest.lock";
			outputFileListPaths = (
			);
			outputPaths = (
				"$(DERIVED_FILE_DIR)/Pods-Block1-checkManifestLockResult.txt",
			);
			runOnlyForDeploymentPostprocessing = 0;
			shellPath = /bin/sh;
			shellScript = "diff \"${PODS_PODFILE_DIR_PATH}/Podfile.lock\" \"${PODS_ROOT}/Manifest.lock\" > /dev/null\nif [ $? != 0 ] ; then\n    # print error to STDERR\n    echo \"error: The sandbox is not in sync with the Podfile.lock. Run 'pod install' or update your CocoaPods installation.\" >&2\n    exit 1\nfi\n# This output is used by Xcode 'outputs' to avoid re-running this script phase.\necho \"SUCCESS\" > \"${SCRIPT_OUTPUT_FILE_0}\"\n";
			showEnvVarsInLog = 0;
		};
/* End PBXShellScriptBuildPhase section */

/* Begin PBXSourcesBuildPhase section */
		1E49139F2A17A92200ABF6B6 /* Sources */ = {
			isa = PBXSourcesBuildPhase;
			buildActionMask = 2147483647;
			files = (
				1EDEC2262A25F94B00339FF9 /* BottomButtonsView.swift in Sources */,
				1EDEC1B02A1FB17E00339FF9 /* CategoriesViewController.swift in Sources */,
				1EDEC1F92A22663100339FF9 /* SearchViewController.swift in Sources */,
				1EDEC2212A24C74B00339FF9 /* FullEventDescriptionVC.swift in Sources */,
				1EDEC22A2A25FE4E00339FF9 /* FullEventDescriptionMainView.swift in Sources */,
				1EDEC1C32A20A9E700339FF9 /* CategoryModel.swift in Sources */,
				1EDEC2282A25FCEB00339FF9 /* BottomParticipantsView.swift in Sources */,
				1EDEC2132A24A00500339FF9 /* AdultViewController.swift in Sources */,
				1EDEC1FB2A22664400339FF9 /* NewsViewController.swift in Sources */,
				1EDEC1CC2A21FDE500339FF9 /* Fonts.swift in Sources */,
				1EDEC2042A23AA4200339FF9 /* TabBarNames.swift in Sources */,
				1EDEC1F72A22662600339FF9 /* HistoryViewController.swift in Sources */,
				1EDEC1FD2A22665000339FF9 /* ProfileViewController.swift in Sources */,
				1EDEC2152A24A00E00339FF9 /* ElderlyViewController.swift in Sources */,
				1EDEC2172A24A01600339FF9 /* AnimalsViewController.swift in Sources */,
				1EDEC2192A24A01D00339FF9 /* EventsViewController.swift in Sources */,
				1EDEC20A2A24971200339FF9 /* ChildsViewController.swift in Sources */,
				1EDEC21E2A24AF5400339FF9 /* ChildsCollectionViewCell.swift in Sources */,
				1E4913AB2A17A92200ABF6B6 /* SplashViewController.swift in Sources */,
				1EDEC2232A25F37500339FF9 /* UIView + Extensions.swift in Sources */,
				1E4913A72A17A92200ABF6B6 /* AppDelegate.swift in Sources */,
				1E4913A92A17A92200ABF6B6 /* SceneDelegate.swift in Sources */,
				1EDEC2002A22670F00339FF9 /* MainTabBarController.swift in Sources */,
				1EDEC1C02A20A7CF00339FF9 /* CategoriesCollectionViewCell.swift in Sources */,
				1EDEC2062A23AB7000339FF9 /* Images.swift in Sources */,
				1EDEC1AE2A1FB07200339FF9 /* LoadingOverlay.swift in Sources */,
				1EDEC1AB2A1FA99C00339FF9 /* UIColor+Extensions.swift in Sources */,
			);
			runOnlyForDeploymentPostprocessing = 0;
		};
/* End PBXSourcesBuildPhase section */

/* Begin PBXVariantGroup section */
		1E4913B12A17A92700ABF6B6 /* LaunchScreen.storyboard */ = {
			isa = PBXVariantGroup;
			children = (
				1E4913B22A17A92700ABF6B6 /* Base */,
			);
			name = LaunchScreen.storyboard;
			sourceTree = "<group>";
		};
/* End PBXVariantGroup section */

/* Begin XCBuildConfiguration section */
		1E4913B52A17A92700ABF6B6 /* Debug */ = {
			isa = XCBuildConfiguration;
			buildSettings = {
				ALWAYS_SEARCH_USER_PATHS = NO;
				CLANG_ANALYZER_NONNULL = YES;
				CLANG_ANALYZER_NUMBER_OBJECT_CONVERSION = YES_AGGRESSIVE;
				CLANG_CXX_LANGUAGE_STANDARD = "gnu++20";
				CLANG_ENABLE_MODULES = YES;
				CLANG_ENABLE_OBJC_ARC = YES;
				CLANG_ENABLE_OBJC_WEAK = YES;
				CLANG_WARN_BLOCK_CAPTURE_AUTORELEASING = YES;
				CLANG_WARN_BOOL_CONVERSION = YES;
				CLANG_WARN_COMMA = YES;
				CLANG_WARN_CONSTANT_CONVERSION = YES;
				CLANG_WARN_DEPRECATED_OBJC_IMPLEMENTATIONS = YES;
				CLANG_WARN_DIRECT_OBJC_ISA_USAGE = YES_ERROR;
				CLANG_WARN_DOCUMENTATION_COMMENTS = YES;
				CLANG_WARN_EMPTY_BODY = YES;
				CLANG_WARN_ENUM_CONVERSION = YES;
				CLANG_WARN_INFINITE_RECURSION = YES;
				CLANG_WARN_INT_CONVERSION = YES;
				CLANG_WARN_NON_LITERAL_NULL_CONVERSION = YES;
				CLANG_WARN_OBJC_IMPLICIT_RETAIN_SELF = YES;
				CLANG_WARN_OBJC_LITERAL_CONVERSION = YES;
				CLANG_WARN_OBJC_ROOT_CLASS = YES_ERROR;
				CLANG_WARN_QUOTED_INCLUDE_IN_FRAMEWORK_HEADER = YES;
				CLANG_WARN_RANGE_LOOP_ANALYSIS = YES;
				CLANG_WARN_STRICT_PROTOTYPES = YES;
				CLANG_WARN_SUSPICIOUS_MOVE = YES;
				CLANG_WARN_UNGUARDED_AVAILABILITY = YES_AGGRESSIVE;
				CLANG_WARN_UNREACHABLE_CODE = YES;
				CLANG_WARN__DUPLICATE_METHOD_MATCH = YES;
				COPY_PHASE_STRIP = NO;
				DEBUG_INFORMATION_FORMAT = dwarf;
				ENABLE_STRICT_OBJC_MSGSEND = YES;
				ENABLE_TESTABILITY = YES;
				GCC_C_LANGUAGE_STANDARD = gnu11;
				GCC_DYNAMIC_NO_PIC = NO;
				GCC_NO_COMMON_BLOCKS = YES;
				GCC_OPTIMIZATION_LEVEL = 0;
				GCC_PREPROCESSOR_DEFINITIONS = (
					"DEBUG=1",
					"$(inherited)",
				);
				GCC_WARN_64_TO_32_BIT_CONVERSION = YES;
				GCC_WARN_ABOUT_RETURN_TYPE = YES_ERROR;
				GCC_WARN_UNDECLARED_SELECTOR = YES;
				GCC_WARN_UNINITIALIZED_AUTOS = YES_AGGRESSIVE;
				GCC_WARN_UNUSED_FUNCTION = YES;
				GCC_WARN_UNUSED_VARIABLE = YES;
				IPHONEOS_DEPLOYMENT_TARGET = 13.0;
				MTL_ENABLE_DEBUG_INFO = INCLUDE_SOURCE;
				MTL_FAST_MATH = YES;
				ONLY_ACTIVE_ARCH = YES;
				SDKROOT = iphoneos;
				SWIFT_ACTIVE_COMPILATION_CONDITIONS = DEBUG;
				SWIFT_OPTIMIZATION_LEVEL = "-Onone";
			};
			name = Debug;
		};
		1E4913B62A17A92700ABF6B6 /* Release */ = {
			isa = XCBuildConfiguration;
			buildSettings = {
				ALWAYS_SEARCH_USER_PATHS = NO;
				CLANG_ANALYZER_NONNULL = YES;
				CLANG_ANALYZER_NUMBER_OBJECT_CONVERSION = YES_AGGRESSIVE;
				CLANG_CXX_LANGUAGE_STANDARD = "gnu++20";
				CLANG_ENABLE_MODULES = YES;
				CLANG_ENABLE_OBJC_ARC = YES;
				CLANG_ENABLE_OBJC_WEAK = YES;
				CLANG_WARN_BLOCK_CAPTURE_AUTORELEASING = YES;
				CLANG_WARN_BOOL_CONVERSION = YES;
				CLANG_WARN_COMMA = YES;
				CLANG_WARN_CONSTANT_CONVERSION = YES;
				CLANG_WARN_DEPRECATED_OBJC_IMPLEMENTATIONS = YES;
				CLANG_WARN_DIRECT_OBJC_ISA_USAGE = YES_ERROR;
				CLANG_WARN_DOCUMENTATION_COMMENTS = YES;
				CLANG_WARN_EMPTY_BODY = YES;
				CLANG_WARN_ENUM_CONVERSION = YES;
				CLANG_WARN_INFINITE_RECURSION = YES;
				CLANG_WARN_INT_CONVERSION = YES;
				CLANG_WARN_NON_LITERAL_NULL_CONVERSION = YES;
				CLANG_WARN_OBJC_IMPLICIT_RETAIN_SELF = YES;
				CLANG_WARN_OBJC_LITERAL_CONVERSION = YES;
				CLANG_WARN_OBJC_ROOT_CLASS = YES_ERROR;
				CLANG_WARN_QUOTED_INCLUDE_IN_FRAMEWORK_HEADER = YES;
				CLANG_WARN_RANGE_LOOP_ANALYSIS = YES;
				CLANG_WARN_STRICT_PROTOTYPES = YES;
				CLANG_WARN_SUSPICIOUS_MOVE = YES;
				CLANG_WARN_UNGUARDED_AVAILABILITY = YES_AGGRESSIVE;
				CLANG_WARN_UNREACHABLE_CODE = YES;
				CLANG_WARN__DUPLICATE_METHOD_MATCH = YES;
				COPY_PHASE_STRIP = NO;
				DEBUG_INFORMATION_FORMAT = "dwarf-with-dsym";
				ENABLE_NS_ASSERTIONS = NO;
				ENABLE_STRICT_OBJC_MSGSEND = YES;
				GCC_C_LANGUAGE_STANDARD = gnu11;
				GCC_NO_COMMON_BLOCKS = YES;
				GCC_WARN_64_TO_32_BIT_CONVERSION = YES;
				GCC_WARN_ABOUT_RETURN_TYPE = YES_ERROR;
				GCC_WARN_UNDECLARED_SELECTOR = YES;
				GCC_WARN_UNINITIALIZED_AUTOS = YES_AGGRESSIVE;
				GCC_WARN_UNUSED_FUNCTION = YES;
				GCC_WARN_UNUSED_VARIABLE = YES;
				IPHONEOS_DEPLOYMENT_TARGET = 13.0;
				MTL_ENABLE_DEBUG_INFO = NO;
				MTL_FAST_MATH = YES;
				SDKROOT = iphoneos;
				SWIFT_COMPILATION_MODE = wholemodule;
				SWIFT_OPTIMIZATION_LEVEL = "-O";
				VALIDATE_PRODUCT = YES;
			};
			name = Release;
		};
		1E4913B82A17A92700ABF6B6 /* Debug */ = {
			isa = XCBuildConfiguration;
			baseConfigurationReference = 6A20C710CD9A151A63C120CD /* Pods-Block1.debug.xcconfig */;
			buildSettings = {
				ASSETCATALOG_COMPILER_APPICON_NAME = AppIcon;
				ASSETCATALOG_COMPILER_GLOBAL_ACCENT_COLOR_NAME = AccentColor;
				CODE_SIGN_STYLE = Automatic;
				CURRENT_PROJECT_VERSION = 1;
				DEVELOPMENT_TEAM = F39TQUV5PU;
				GENERATE_INFOPLIST_FILE = YES;
				INFOPLIST_FILE = Block1/Applications/Info.plist;
				INFOPLIST_KEY_CFBundleDisplayName = "Хочу помочь";
				INFOPLIST_KEY_UIApplicationSupportsIndirectInputEvents = YES;
				INFOPLIST_KEY_UILaunchStoryboardName = LaunchScreen;
				INFOPLIST_KEY_UIStatusBarStyle = "";
				INFOPLIST_KEY_UISupportedInterfaceOrientations_iPad = "UIInterfaceOrientationPortrait UIInterfaceOrientationPortraitUpsideDown UIInterfaceOrientationLandscapeLeft UIInterfaceOrientationLandscapeRight";
				INFOPLIST_KEY_UISupportedInterfaceOrientations_iPhone = "UIInterfaceOrientationPortrait UIInterfaceOrientationLandscapeLeft UIInterfaceOrientationLandscapeRight";
				IPHONEOS_DEPLOYMENT_TARGET = 13.0;
				LD_RUNPATH_SEARCH_PATHS = (
					"$(inherited)",
					"@executable_path/Frameworks",
				);
				MARKETING_VERSION = 1.0;
				PRODUCT_BUNDLE_IDENTIFIER = Gold.Block1;
				PRODUCT_NAME = "$(TARGET_NAME)";
				SWIFT_EMIT_LOC_STRINGS = YES;
				SWIFT_VERSION = 5.0;
				TARGETED_DEVICE_FAMILY = "1,2";
			};
			name = Debug;
		};
		1E4913B92A17A92700ABF6B6 /* Release */ = {
			isa = XCBuildConfiguration;
			baseConfigurationReference = 8DD254E81BD3387B0EFC8003 /* Pods-Block1.release.xcconfig */;
			buildSettings = {
				ASSETCATALOG_COMPILER_APPICON_NAME = AppIcon;
				ASSETCATALOG_COMPILER_GLOBAL_ACCENT_COLOR_NAME = AccentColor;
				CODE_SIGN_STYLE = Automatic;
				CURRENT_PROJECT_VERSION = 1;
				DEVELOPMENT_TEAM = F39TQUV5PU;
				GENERATE_INFOPLIST_FILE = YES;
				INFOPLIST_FILE = Block1/Applications/Info.plist;
				INFOPLIST_KEY_CFBundleDisplayName = "Хочу помочь";
				INFOPLIST_KEY_UIApplicationSupportsIndirectInputEvents = YES;
				INFOPLIST_KEY_UILaunchStoryboardName = LaunchScreen;
				INFOPLIST_KEY_UIStatusBarStyle = "";
				INFOPLIST_KEY_UISupportedInterfaceOrientations_iPad = "UIInterfaceOrientationPortrait UIInterfaceOrientationPortraitUpsideDown UIInterfaceOrientationLandscapeLeft UIInterfaceOrientationLandscapeRight";
				INFOPLIST_KEY_UISupportedInterfaceOrientations_iPhone = "UIInterfaceOrientationPortrait UIInterfaceOrientationLandscapeLeft UIInterfaceOrientationLandscapeRight";
				IPHONEOS_DEPLOYMENT_TARGET = 13.0;
				LD_RUNPATH_SEARCH_PATHS = (
					"$(inherited)",
					"@executable_path/Frameworks",
				);
				MARKETING_VERSION = 1.0;
				PRODUCT_BUNDLE_IDENTIFIER = Gold.Block1;
				PRODUCT_NAME = "$(TARGET_NAME)";
				SWIFT_EMIT_LOC_STRINGS = YES;
				SWIFT_VERSION = 5.0;
				TARGETED_DEVICE_FAMILY = "1,2";
			};
			name = Release;
		};
/* End XCBuildConfiguration section */

/* Begin XCConfigurationList section */
		1E49139E2A17A92100ABF6B6 /* Build configuration list for PBXProject "Block1" */ = {
			isa = XCConfigurationList;
			buildConfigurations = (
				1E4913B52A17A92700ABF6B6 /* Debug */,
				1E4913B62A17A92700ABF6B6 /* Release */,
			);
			defaultConfigurationIsVisible = 0;
			defaultConfigurationName = Release;
		};
		1E4913B72A17A92700ABF6B6 /* Build configuration list for PBXNativeTarget "Block1" */ = {
			isa = XCConfigurationList;
			buildConfigurations = (
				1E4913B82A17A92700ABF6B6 /* Debug */,
				1E4913B92A17A92700ABF6B6 /* Release */,
			);
			defaultConfigurationIsVisible = 0;
			defaultConfigurationName = Release;
		};
/* End XCConfigurationList section */
	};
	rootObject = 1E49139B2A17A92100ABF6B6 /* Project object */;
}
